// !$*UTF8*$!
{
	archiveVersion = 1;
	classes = {
	};
	objectVersion = 50;
	objects = {

/* Begin PBXBuildFile section */
		BC39A8E1214671520013D333 /* SCNNodeExtensions.swift in Sources */ = {isa = PBXBuildFile; fileRef = BC39A8E0214671520013D333 /* SCNNodeExtensions.swift */; };
		BC5CD7442147B6BB0048CCAF /* PlanetCollectionViewCell.swift in Sources */ = {isa = PBXBuildFile; fileRef = BC5CD7422147B6BB0048CCAF /* PlanetCollectionViewCell.swift */; };
		BC5CD7452147B6BB0048CCAF /* PlanetCollectionViewCell.xib in Resources */ = {isa = PBXBuildFile; fileRef = BC5CD7432147B6BB0048CCAF /* PlanetCollectionViewCell.xib */; };
		BC5CD7472147C3070048CCAF /* StoryboardInstantiable.swift in Sources */ = {isa = PBXBuildFile; fileRef = BC5CD7462147C3070048CCAF /* StoryboardInstantiable.swift */; };
		BC5CD7492147C33C0048CCAF /* SolarSystemBuilder.swift in Sources */ = {isa = PBXBuildFile; fileRef = BC5CD7482147C33C0048CCAF /* SolarSystemBuilder.swift */; };
		BC5CD74B2147C3760048CCAF /* SolarSystemInteractor.swift in Sources */ = {isa = PBXBuildFile; fileRef = BC5CD74A2147C3760048CCAF /* SolarSystemInteractor.swift */; };
		BC5CD74D2147C4AA0048CCAF /* SolarSystemViewController.storyboard in Resources */ = {isa = PBXBuildFile; fileRef = BC5CD74C2147C4AA0048CCAF /* SolarSystemViewController.storyboard */; };
		BC5CD7502147DC6E0048CCAF /* PlanetOption.swift in Sources */ = {isa = PBXBuildFile; fileRef = BC5CD74F2147DC6E0048CCAF /* PlanetOption.swift */; };
		BCA10BE8214664620049F72C /* Alert.swift in Sources */ = {isa = PBXBuildFile; fileRef = BCA10BE7214664610049F72C /* Alert.swift */; };
		BCA6ED4521465D4B00CDFC18 /* AppDelegate.swift in Sources */ = {isa = PBXBuildFile; fileRef = BCA6ED4421465D4B00CDFC18 /* AppDelegate.swift */; };
		BCA6ED4721465D4B00CDFC18 /* art.scnassets in Resources */ = {isa = PBXBuildFile; fileRef = BCA6ED4621465D4B00CDFC18 /* art.scnassets */; };
		BCA6ED4921465D4B00CDFC18 /* SolarSystemViewController.swift in Sources */ = {isa = PBXBuildFile; fileRef = BCA6ED4821465D4B00CDFC18 /* SolarSystemViewController.swift */; };
		BCA6ED4E21465D4C00CDFC18 /* Assets.xcassets in Resources */ = {isa = PBXBuildFile; fileRef = BCA6ED4D21465D4C00CDFC18 /* Assets.xcassets */; };
		BCA6ED5121465D4C00CDFC18 /* LaunchScreen.storyboard in Resources */ = {isa = PBXBuildFile; fileRef = BCA6ED4F21465D4C00CDFC18 /* LaunchScreen.storyboard */; };
		BCF6D4D521469F6900D39D69 /* Planet.swift in Sources */ = {isa = PBXBuildFile; fileRef = BCF6D4D421469F6900D39D69 /* Planet.swift */; };
		BCF6D4D72146AC7300D39D69 /* Ring.swift in Sources */ = {isa = PBXBuildFile; fileRef = BCF6D4D62146AC7300D39D69 /* Ring.swift */; };
		BCF6D4DA2146AED000D39D69 /* Sun.swift in Sources */ = {isa = PBXBuildFile; fileRef = BCF6D4D92146AED000D39D69 /* Sun.swift */; };
		BCF6D4DC2146AEE000D39D69 /* Mercury.swift in Sources */ = {isa = PBXBuildFile; fileRef = BCF6D4DB2146AEE000D39D69 /* Mercury.swift */; };
		BCF6D4DE2146AEE700D39D69 /* Venus.swift in Sources */ = {isa = PBXBuildFile; fileRef = BCF6D4DD2146AEE700D39D69 /* Venus.swift */; };
		BCF6D4E02146AEEE00D39D69 /* Earth.swift in Sources */ = {isa = PBXBuildFile; fileRef = BCF6D4DF2146AEEE00D39D69 /* Earth.swift */; };
		BCF6D4E22146AEF600D39D69 /* Moon.swift in Sources */ = {isa = PBXBuildFile; fileRef = BCF6D4E12146AEF600D39D69 /* Moon.swift */; };
		BCF6D4E42146AEFE00D39D69 /* Mars.swift in Sources */ = {isa = PBXBuildFile; fileRef = BCF6D4E32146AEFE00D39D69 /* Mars.swift */; };
		BCF6D4E62146AF0500D39D69 /* Jupiter.swift in Sources */ = {isa = PBXBuildFile; fileRef = BCF6D4E52146AF0500D39D69 /* Jupiter.swift */; };
		BCF6D4E82146AF0B00D39D69 /* Saturn.swift in Sources */ = {isa = PBXBuildFile; fileRef = BCF6D4E72146AF0B00D39D69 /* Saturn.swift */; };
		BCF6D4EA2146AF1100D39D69 /* Uranus.swift in Sources */ = {isa = PBXBuildFile; fileRef = BCF6D4E92146AF1100D39D69 /* Uranus.swift */; };
		BCF6D4EC2146AF1B00D39D69 /* Neptune.swift in Sources */ = {isa = PBXBuildFile; fileRef = BCF6D4EB2146AF1B00D39D69 /* Neptune.swift */; };
		BCF6D4EE2146AF2300D39D69 /* Pluto.swift in Sources */ = {isa = PBXBuildFile; fileRef = BCF6D4ED2146AF2300D39D69 /* Pluto.swift */; };
/* End PBXBuildFile section */

/* Begin PBXFileReference section */
		BC39A8E0214671520013D333 /* SCNNodeExtensions.swift */ = {isa = PBXFileReference; lastKnownFileType = sourcecode.swift; path = SCNNodeExtensions.swift; sourceTree = "<group>"; };
		BC5CD7422147B6BB0048CCAF /* PlanetCollectionViewCell.swift */ = {isa = PBXFileReference; lastKnownFileType = sourcecode.swift; path = PlanetCollectionViewCell.swift; sourceTree = "<group>"; };
		BC5CD7432147B6BB0048CCAF /* PlanetCollectionViewCell.xib */ = {isa = PBXFileReference; lastKnownFileType = file.xib; path = PlanetCollectionViewCell.xib; sourceTree = "<group>"; };
		BC5CD7462147C3070048CCAF /* StoryboardInstantiable.swift */ = {isa = PBXFileReference; fileEncoding = 4; lastKnownFileType = sourcecode.swift; path = StoryboardInstantiable.swift; sourceTree = "<group>"; };
		BC5CD7482147C33C0048CCAF /* SolarSystemBuilder.swift */ = {isa = PBXFileReference; lastKnownFileType = sourcecode.swift; path = SolarSystemBuilder.swift; sourceTree = "<group>"; };
		BC5CD74A2147C3760048CCAF /* SolarSystemInteractor.swift */ = {isa = PBXFileReference; lastKnownFileType = sourcecode.swift; path = SolarSystemInteractor.swift; sourceTree = "<group>"; };
		BC5CD74C2147C4AA0048CCAF /* SolarSystemViewController.storyboard */ = {isa = PBXFileReference; lastKnownFileType = file.storyboard; path = SolarSystemViewController.storyboard; sourceTree = "<group>"; };
		BC5CD74F2147DC6E0048CCAF /* PlanetOption.swift */ = {isa = PBXFileReference; lastKnownFileType = sourcecode.swift; path = PlanetOption.swift; sourceTree = "<group>"; };
		BCA10BE7214664610049F72C /* Alert.swift */ = {isa = PBXFileReference; fileEncoding = 4; lastKnownFileType = sourcecode.swift; path = Alert.swift; sourceTree = "<group>"; };
		BCA6ED4121465D4B00CDFC18 /* AR Solar System.app */ = {isa = PBXFileReference; explicitFileType = wrapper.application; includeInIndex = 0; path = "AR Solar System.app"; sourceTree = BUILT_PRODUCTS_DIR; };
		BCA6ED4421465D4B00CDFC18 /* AppDelegate.swift */ = {isa = PBXFileReference; lastKnownFileType = sourcecode.swift; path = AppDelegate.swift; sourceTree = "<group>"; };
		BCA6ED4621465D4B00CDFC18 /* art.scnassets */ = {isa = PBXFileReference; lastKnownFileType = wrapper.scnassets; path = art.scnassets; sourceTree = "<group>"; };
		BCA6ED4821465D4B00CDFC18 /* SolarSystemViewController.swift */ = {isa = PBXFileReference; lastKnownFileType = sourcecode.swift; path = SolarSystemViewController.swift; sourceTree = "<group>"; };
		BCA6ED4D21465D4C00CDFC18 /* Assets.xcassets */ = {isa = PBXFileReference; lastKnownFileType = folder.assetcatalog; path = Assets.xcassets; sourceTree = "<group>"; };
		BCA6ED5021465D4C00CDFC18 /* Base */ = {isa = PBXFileReference; lastKnownFileType = file.storyboard; name = Base; path = Base.lproj/LaunchScreen.storyboard; sourceTree = "<group>"; };
		BCA6ED5221465D4C00CDFC18 /* Info.plist */ = {isa = PBXFileReference; lastKnownFileType = text.plist.xml; path = Info.plist; sourceTree = "<group>"; };
		BCF6D4D421469F6900D39D69 /* Planet.swift */ = {isa = PBXFileReference; lastKnownFileType = sourcecode.swift; path = Planet.swift; sourceTree = "<group>"; };
		BCF6D4D62146AC7300D39D69 /* Ring.swift */ = {isa = PBXFileReference; lastKnownFileType = sourcecode.swift; path = Ring.swift; sourceTree = "<group>"; };
		BCF6D4D92146AED000D39D69 /* Sun.swift */ = {isa = PBXFileReference; lastKnownFileType = sourcecode.swift; path = Sun.swift; sourceTree = "<group>"; };
		BCF6D4DB2146AEE000D39D69 /* Mercury.swift */ = {isa = PBXFileReference; lastKnownFileType = sourcecode.swift; path = Mercury.swift; sourceTree = "<group>"; };
		BCF6D4DD2146AEE700D39D69 /* Venus.swift */ = {isa = PBXFileReference; lastKnownFileType = sourcecode.swift; path = Venus.swift; sourceTree = "<group>"; };
		BCF6D4DF2146AEEE00D39D69 /* Earth.swift */ = {isa = PBXFileReference; lastKnownFileType = sourcecode.swift; path = Earth.swift; sourceTree = "<group>"; };
		BCF6D4E12146AEF600D39D69 /* Moon.swift */ = {isa = PBXFileReference; lastKnownFileType = sourcecode.swift; path = Moon.swift; sourceTree = "<group>"; };
		BCF6D4E32146AEFE00D39D69 /* Mars.swift */ = {isa = PBXFileReference; lastKnownFileType = sourcecode.swift; path = Mars.swift; sourceTree = "<group>"; };
		BCF6D4E52146AF0500D39D69 /* Jupiter.swift */ = {isa = PBXFileReference; lastKnownFileType = sourcecode.swift; path = Jupiter.swift; sourceTree = "<group>"; };
		BCF6D4E72146AF0B00D39D69 /* Saturn.swift */ = {isa = PBXFileReference; lastKnownFileType = sourcecode.swift; path = Saturn.swift; sourceTree = "<group>"; };
		BCF6D4E92146AF1100D39D69 /* Uranus.swift */ = {isa = PBXFileReference; lastKnownFileType = sourcecode.swift; path = Uranus.swift; sourceTree = "<group>"; };
		BCF6D4EB2146AF1B00D39D69 /* Neptune.swift */ = {isa = PBXFileReference; lastKnownFileType = sourcecode.swift; path = Neptune.swift; sourceTree = "<group>"; };
		BCF6D4ED2146AF2300D39D69 /* Pluto.swift */ = {isa = PBXFileReference; lastKnownFileType = sourcecode.swift; path = Pluto.swift; sourceTree = "<group>"; };
/* End PBXFileReference section */

/* Begin PBXFrameworksBuildPhase section */
		BCA6ED3E21465D4B00CDFC18 /* Frameworks */ = {
			isa = PBXFrameworksBuildPhase;
			buildActionMask = 2147483647;
			files = (
			);
			runOnlyForDeploymentPostprocessing = 0;
		};
/* End PBXFrameworksBuildPhase section */

/* Begin PBXGroup section */
		BC39A8DF2146712F0013D333 /* Extensions */ = {
			isa = PBXGroup;
			children = (
				BC39A8E0214671520013D333 /* SCNNodeExtensions.swift */,
			);
			path = Extensions;
			sourceTree = "<group>";
		};
		BC39A8E221469E400013D333 /* Models */ = {
			isa = PBXGroup;
			children = (
				BCF6D4D421469F6900D39D69 /* Planet.swift */,
				BCF6D4D62146AC7300D39D69 /* Ring.swift */,
				BC5CD74F2147DC6E0048CCAF /* PlanetOption.swift */,
				BCF6D4D82146AEBE00D39D69 /* Planets */,
			);
			path = Models;
			sourceTree = "<group>";
		};
		BC5CD7412147B65F0048CCAF /* Cells */ = {
			isa = PBXGroup;
			children = (
				BC5CD7422147B6BB0048CCAF /* PlanetCollectionViewCell.swift */,
				BC5CD7432147B6BB0048CCAF /* PlanetCollectionViewCell.xib */,
			);
			path = Cells;
			sourceTree = "<group>";
		};
		BCA10BE9214664650049F72C /* Utilities */ = {
			isa = PBXGroup;
			children = (
				BCA10BE7214664610049F72C /* Alert.swift */,
				BC5CD7462147C3070048CCAF /* StoryboardInstantiable.swift */,
			);
			path = Utilities;
			sourceTree = "<group>";
		};
		BCA10BEA2146658E0049F72C /* Modules */ = {
			isa = PBXGroup;
			children = (
				BCA10BEB214665990049F72C /* Solar System */,
			);
			path = Modules;
			sourceTree = "<group>";
		};
		BCA10BEB214665990049F72C /* Solar System */ = {
			isa = PBXGroup;
			children = (
				BC5CD7412147B65F0048CCAF /* Cells */,
				BC5CD7482147C33C0048CCAF /* SolarSystemBuilder.swift */,
				BC5CD74A2147C3760048CCAF /* SolarSystemInteractor.swift */,
				BCA6ED4821465D4B00CDFC18 /* SolarSystemViewController.swift */,
				BC5CD74C2147C4AA0048CCAF /* SolarSystemViewController.storyboard */,
			);
			path = "Solar System";
			sourceTree = "<group>";
		};
		BCA6ED3821465D4B00CDFC18 = {
			isa = PBXGroup;
			children = (
				BCA6ED4321465D4B00CDFC18 /* AR Solar System */,
				BCA6ED4221465D4B00CDFC18 /* Products */,
			);
			sourceTree = "<group>";
		};
		BCA6ED4221465D4B00CDFC18 /* Products */ = {
			isa = PBXGroup;
			children = (
				BCA6ED4121465D4B00CDFC18 /* AR Solar System.app */,
			);
			name = Products;
			sourceTree = "<group>";
		};
		BCA6ED4321465D4B00CDFC18 /* AR Solar System */ = {
			isa = PBXGroup;
			children = (
				BCA6ED4421465D4B00CDFC18 /* AppDelegate.swift */,
				BC39A8DF2146712F0013D333 /* Extensions */,
				BCA10BE9214664650049F72C /* Utilities */,
				BC39A8E221469E400013D333 /* Models */,
				BCA10BEA2146658E0049F72C /* Modules */,
				BCA6ED4621465D4B00CDFC18 /* art.scnassets */,
				BCA6ED4D21465D4C00CDFC18 /* Assets.xcassets */,
				BCA6ED4F21465D4C00CDFC18 /* LaunchScreen.storyboard */,
				BCA6ED5221465D4C00CDFC18 /* Info.plist */,
			);
			path = "AR Solar System";
			sourceTree = "<group>";
		};
		BCF6D4D82146AEBE00D39D69 /* Planets */ = {
			isa = PBXGroup;
			children = (
				BCF6D4D92146AED000D39D69 /* Sun.swift */,
				BCF6D4DB2146AEE000D39D69 /* Mercury.swift */,
				BCF6D4DD2146AEE700D39D69 /* Venus.swift */,
				BCF6D4DF2146AEEE00D39D69 /* Earth.swift */,
				BCF6D4E12146AEF600D39D69 /* Moon.swift */,
				BCF6D4E32146AEFE00D39D69 /* Mars.swift */,
				BCF6D4E52146AF0500D39D69 /* Jupiter.swift */,
				BCF6D4E72146AF0B00D39D69 /* Saturn.swift */,
				BCF6D4E92146AF1100D39D69 /* Uranus.swift */,
				BCF6D4EB2146AF1B00D39D69 /* Neptune.swift */,
				BCF6D4ED2146AF2300D39D69 /* Pluto.swift */,
			);
			path = Planets;
			sourceTree = "<group>";
		};
/* End PBXGroup section */

/* Begin PBXNativeTarget section */
		BCA6ED4021465D4B00CDFC18 /* AR Solar System */ = {
			isa = PBXNativeTarget;
			buildConfigurationList = BCA6ED5521465D4C00CDFC18 /* Build configuration list for PBXNativeTarget "AR Solar System" */;
			buildPhases = (
				BCA6ED3D21465D4B00CDFC18 /* Sources */,
				BCA6ED3E21465D4B00CDFC18 /* Frameworks */,
				BCA6ED3F21465D4B00CDFC18 /* Resources */,
			);
			buildRules = (
			);
			dependencies = (
			);
			name = "AR Solar System";
			productName = "AR Solar System";
			productReference = BCA6ED4121465D4B00CDFC18 /* AR Solar System.app */;
			productType = "com.apple.product-type.application";
		};
/* End PBXNativeTarget section */

/* Begin PBXProject section */
		BCA6ED3921465D4B00CDFC18 /* Project object */ = {
			isa = PBXProject;
			attributes = {
				LastSwiftUpdateCheck = 0940;
				LastUpgradeCheck = 0940;
				ORGANIZATIONNAME = "Alexandr Pavlov";
				TargetAttributes = {
					BCA6ED4021465D4B00CDFC18 = {
						CreatedOnToolsVersion = 9.4.1;
					};
				};
			};
			buildConfigurationList = BCA6ED3C21465D4B00CDFC18 /* Build configuration list for PBXProject "AR Solar System" */;
			compatibilityVersion = "Xcode 9.3";
			developmentRegion = en;
			hasScannedForEncodings = 0;
			knownRegions = (
				en,
				Base,
			);
			mainGroup = BCA6ED3821465D4B00CDFC18;
			productRefGroup = BCA6ED4221465D4B00CDFC18 /* Products */;
			projectDirPath = "";
			projectRoot = "";
			targets = (
				BCA6ED4021465D4B00CDFC18 /* AR Solar System */,
			);
		};
/* End PBXProject section */

/* Begin PBXResourcesBuildPhase section */
		BCA6ED3F21465D4B00CDFC18 /* Resources */ = {
			isa = PBXResourcesBuildPhase;
			buildActionMask = 2147483647;
			files = (
				BC5CD74D2147C4AA0048CCAF /* SolarSystemViewController.storyboard in Resources */,
				BC5CD7452147B6BB0048CCAF /* PlanetCollectionViewCell.xib in Resources */,
				BCA6ED4721465D4B00CDFC18 /* art.scnassets in Resources */,
				BCA6ED5121465D4C00CDFC18 /* LaunchScreen.storyboard in Resources */,
				BCA6ED4E21465D4C00CDFC18 /* Assets.xcassets in Resources */,
			);
			runOnlyForDeploymentPostprocessing = 0;
		};
/* End PBXResourcesBuildPhase section */

/* Begin PBXSourcesBuildPhase section */
		BCA6ED3D21465D4B00CDFC18 /* Sources */ = {
			isa = PBXSourcesBuildPhase;
			buildActionMask = 2147483647;
			files = (
				BCF6D4E82146AF0B00D39D69 /* Saturn.swift in Sources */,
				BC39A8E1214671520013D333 /* SCNNodeExtensions.swift in Sources */,
				BCF6D4D72146AC7300D39D69 /* Ring.swift in Sources */,
				BCF6D4E22146AEF600D39D69 /* Moon.swift in Sources */,
				BC5CD7492147C33C0048CCAF /* SolarSystemBuilder.swift in Sources */,
				BCF6D4E02146AEEE00D39D69 /* Earth.swift in Sources */,
				BCF6D4E62146AF0500D39D69 /* Jupiter.swift in Sources */,
				BCF6D4EA2146AF1100D39D69 /* Uranus.swift in Sources */,
				BCF6D4EC2146AF1B00D39D69 /* Neptune.swift in Sources */,
				BC5CD7472147C3070048CCAF /* StoryboardInstantiable.swift in Sources */,
				BC5CD7442147B6BB0048CCAF /* PlanetCollectionViewCell.swift in Sources */,
				BCF6D4DA2146AED000D39D69 /* Sun.swift in Sources */,
				BCA10BE8214664620049F72C /* Alert.swift in Sources */,
				BCA6ED4921465D4B00CDFC18 /* SolarSystemViewController.swift in Sources */,
				BCA6ED4521465D4B00CDFC18 /* AppDelegate.swift in Sources */,
				BCF6D4E42146AEFE00D39D69 /* Mars.swift in Sources */,
				BCF6D4D521469F6900D39D69 /* Planet.swift in Sources */,
				BCF6D4DE2146AEE700D39D69 /* Venus.swift in Sources */,
				BCF6D4EE2146AF2300D39D69 /* Pluto.swift in Sources */,
				BC5CD74B2147C3760048CCAF /* SolarSystemInteractor.swift in Sources */,
				BC5CD7502147DC6E0048CCAF /* PlanetOption.swift in Sources */,
				BCF6D4DC2146AEE000D39D69 /* Mercury.swift in Sources */,
			);
			runOnlyForDeploymentPostprocessing = 0;
		};
/* End PBXSourcesBuildPhase section */

/* Begin PBXVariantGroup section */
		BCA6ED4F21465D4C00CDFC18 /* LaunchScreen.storyboard */ = {
			isa = PBXVariantGroup;
			children = (
				BCA6ED5021465D4C00CDFC18 /* Base */,
			);
			name = LaunchScreen.storyboard;
			sourceTree = "<group>";
		};
/* End PBXVariantGroup section */

/* Begin XCBuildConfiguration section */
		BCA6ED5321465D4C00CDFC18 /* Debug */ = {
			isa = XCBuildConfiguration;
			buildSettings = {
				ALWAYS_SEARCH_USER_PATHS = NO;
				CLANG_ANALYZER_NONNULL = YES;
				CLANG_ANALYZER_NUMBER_OBJECT_CONVERSION = YES_AGGRESSIVE;
				CLANG_CXX_LANGUAGE_STANDARD = "gnu++14";
				CLANG_CXX_LIBRARY = "libc++";
				CLANG_ENABLE_MODULES = YES;
				CLANG_ENABLE_OBJC_ARC = YES;
				CLANG_ENABLE_OBJC_WEAK = YES;
				CLANG_WARN_BLOCK_CAPTURE_AUTORELEASING = YES;
				CLANG_WARN_BOOL_CONVERSION = YES;
				CLANG_WARN_COMMA = YES;
				CLANG_WARN_CONSTANT_CONVERSION = YES;
				CLANG_WARN_DEPRECATED_OBJC_IMPLEMENTATIONS = YES;
				CLANG_WARN_DIRECT_OBJC_ISA_USAGE = YES_ERROR;
				CLANG_WARN_DOCUMENTATION_COMMENTS = YES;
				CLANG_WARN_EMPTY_BODY = YES;
				CLANG_WARN_ENUM_CONVERSION = YES;
				CLANG_WARN_INFINITE_RECURSION = YES;
				CLANG_WARN_INT_CONVERSION = YES;
				CLANG_WARN_NON_LITERAL_NULL_CONVERSION = YES;
				CLANG_WARN_OBJC_IMPLICIT_RETAIN_SELF = YES;
				CLANG_WARN_OBJC_LITERAL_CONVERSION = YES;
				CLANG_WARN_OBJC_ROOT_CLASS = YES_ERROR;
				CLANG_WARN_RANGE_LOOP_ANALYSIS = YES;
				CLANG_WARN_STRICT_PROTOTYPES = YES;
				CLANG_WARN_SUSPICIOUS_MOVE = YES;
				CLANG_WARN_UNGUARDED_AVAILABILITY = YES_AGGRESSIVE;
				CLANG_WARN_UNREACHABLE_CODE = YES;
				CLANG_WARN__DUPLICATE_METHOD_MATCH = YES;
				CODE_SIGN_IDENTITY = "iPhone Developer";
				COPY_PHASE_STRIP = NO;
				DEBUG_INFORMATION_FORMAT = dwarf;
				ENABLE_STRICT_OBJC_MSGSEND = YES;
				ENABLE_TESTABILITY = YES;
				GCC_C_LANGUAGE_STANDARD = gnu11;
				GCC_DYNAMIC_NO_PIC = NO;
				GCC_NO_COMMON_BLOCKS = YES;
				GCC_OPTIMIZATION_LEVEL = 0;
				GCC_PREPROCESSOR_DEFINITIONS = (
					"DEBUG=1",
					"$(inherited)",
				);
				GCC_WARN_64_TO_32_BIT_CONVERSION = YES;
				GCC_WARN_ABOUT_RETURN_TYPE = YES_ERROR;
				GCC_WARN_UNDECLARED_SELECTOR = YES;
				GCC_WARN_UNINITIALIZED_AUTOS = YES_AGGRESSIVE;
				GCC_WARN_UNUSED_FUNCTION = YES;
				GCC_WARN_UNUSED_VARIABLE = YES;
				IPHONEOS_DEPLOYMENT_TARGET = 11.4;
				MTL_ENABLE_DEBUG_INFO = YES;
				ONLY_ACTIVE_ARCH = YES;
				SDKROOT = iphoneos;
				SWIFT_ACTIVE_COMPILATION_CONDITIONS = DEBUG;
				SWIFT_OPTIMIZATION_LEVEL = "-Onone";
			};
			name = Debug;
		};
		BCA6ED5421465D4C00CDFC18 /* Release */ = {
			isa = XCBuildConfiguration;
			buildSettings = {
				ALWAYS_SEARCH_USER_PATHS = NO;
				CLANG_ANALYZER_NONNULL = YES;
				CLANG_ANALYZER_NUMBER_OBJECT_CONVERSION = YES_AGGRESSIVE;
				CLANG_CXX_LANGUAGE_STANDARD = "gnu++14";
				CLANG_CXX_LIBRARY = "libc++";
				CLANG_ENABLE_MODULES = YES;
				CLANG_ENABLE_OBJC_ARC = YES;
				CLANG_ENABLE_OBJC_WEAK = YES;
				CLANG_WARN_BLOCK_CAPTURE_AUTORELEASING = YES;
				CLANG_WARN_BOOL_CONVERSION = YES;
				CLANG_WARN_COMMA = YES;
				CLANG_WARN_CONSTANT_CONVERSION = YES;
				CLANG_WARN_DEPRECATED_OBJC_IMPLEMENTATIONS = YES;
				CLANG_WARN_DIRECT_OBJC_ISA_USAGE = YES_ERROR;
				CLANG_WARN_DOCUMENTATION_COMMENTS = YES;
				CLANG_WARN_EMPTY_BODY = YES;
				CLANG_WARN_ENUM_CONVERSION = YES;
				CLANG_WARN_INFINITE_RECURSION = YES;
				CLANG_WARN_INT_CONVERSION = YES;
				CLANG_WARN_NON_LITERAL_NULL_CONVERSION = YES;
				CLANG_WARN_OBJC_IMPLICIT_RETAIN_SELF = YES;
				CLANG_WARN_OBJC_LITERAL_CONVERSION = YES;
				CLANG_WARN_OBJC_ROOT_CLASS = YES_ERROR;
				CLANG_WARN_RANGE_LOOP_ANALYSIS = YES;
				CLANG_WARN_STRICT_PROTOTYPES = YES;
				CLANG_WARN_SUSPICIOUS_MOVE = YES;
				CLANG_WARN_UNGUARDED_AVAILABILITY = YES_AGGRESSIVE;
				CLANG_WARN_UNREACHABLE_CODE = YES;
				CLANG_WARN__DUPLICATE_METHOD_MATCH = YES;
				CODE_SIGN_IDENTITY = "iPhone Developer";
				COPY_PHASE_STRIP = NO;
				DEBUG_INFORMATION_FORMAT = "dwarf-with-dsym";
				ENABLE_NS_ASSERTIONS = NO;
				ENABLE_STRICT_OBJC_MSGSEND = YES;
				GCC_C_LANGUAGE_STANDARD = gnu11;
				GCC_NO_COMMON_BLOCKS = YES;
				GCC_WARN_64_TO_32_BIT_CONVERSION = YES;
				GCC_WARN_ABOUT_RETURN_TYPE = YES_ERROR;
				GCC_WARN_UNDECLARED_SELECTOR = YES;
				GCC_WARN_UNINITIALIZED_AUTOS = YES_AGGRESSIVE;
				GCC_WARN_UNUSED_FUNCTION = YES;
				GCC_WARN_UNUSED_VARIABLE = YES;
				IPHONEOS_DEPLOYMENT_TARGET = 11.4;
				MTL_ENABLE_DEBUG_INFO = NO;
				SDKROOT = iphoneos;
				SWIFT_COMPILATION_MODE = wholemodule;
				SWIFT_OPTIMIZATION_LEVEL = "-O";
				VALIDATE_PRODUCT = YES;
			};
			name = Release;
		};
		BCA6ED5621465D4C00CDFC18 /* Debug */ = {
			isa = XCBuildConfiguration;
			buildSettings = {
				ASSETCATALOG_COMPILER_APPICON_NAME = AppIcon;
				CODE_SIGN_STYLE = Automatic;
				DEVELOPMENT_TEAM = XY9H4LH9U8;
				INFOPLIST_FILE = "AR Solar System/Info.plist";
				IPHONEOS_DEPLOYMENT_TARGET = 11.0;
				LD_RUNPATH_SEARCH_PATHS = (
					"$(inherited)",
					"@executable_path/Frameworks",
				);
				PRODUCT_BUNDLE_IDENTIFIER = "com.bananaland.AR-Solar-System";
				PRODUCT_NAME = "$(TARGET_NAME)";
				SWIFT_VERSION = 4.0;
				TARGETED_DEVICE_FAMILY = "1,2";
			};
			name = Debug;
		};
		BCA6ED5721465D4C00CDFC18 /* Release */ = {
			isa = XCBuildConfiguration;
			buildSettings = {
				ASSETCATALOG_COMPILER_APPICON_NAME = AppIcon;
				CODE_SIGN_STYLE = Automatic;
				DEVELOPMENT_TEAM = XY9H4LH9U8;
				INFOPLIST_FILE = "AR Solar System/Info.plist";
				IPHONEOS_DEPLOYMENT_TARGET = 11.0;
				LD_RUNPATH_SEARCH_PATHS = (
					"$(inherited)",
					"@executable_path/Frameworks",
				);
				PRODUCT_BUNDLE_IDENTIFIER = "com.bananaland.AR-Solar-System";
				PRODUCT_NAME = "$(TARGET_NAME)";
				SWIFT_VERSION = 4.0;
				TARGETED_DEVICE_FAMILY = "1,2";
			};
			name = Release;
		};
/* End XCBuildConfiguration section */

/* Begin XCConfigurationList section */
		BCA6ED3C21465D4B00CDFC18 /* Build configuration list for PBXProject "AR Solar System" */ = {
			isa = XCConfigurationList;
			buildConfigurations = (
				BCA6ED5321465D4C00CDFC18 /* Debug */,
				BCA6ED5421465D4C00CDFC18 /* Release */,
			);
			defaultConfigurationIsVisible = 0;
			defaultConfigurationName = Release;
		};
		BCA6ED5521465D4C00CDFC18 /* Build configuration list for PBXNativeTarget "AR Solar System" */ = {
			isa = XCConfigurationList;
			buildConfigurations = (
				BCA6ED5621465D4C00CDFC18 /* Debug */,
				BCA6ED5721465D4C00CDFC18 /* Release */,
			);
			defaultConfigurationIsVisible = 0;
			defaultConfigurationName = Release;
		};
/* End XCConfigurationList section */
	};
	rootObject = BCA6ED3921465D4B00CDFC18 /* Project object */;
}
