// !$*UTF8*$!
{
	archiveVersion = 1;
	classes = {
	};
	objectVersion = 50;
	objects = {

/* Begin PBXBuildFile section */
		6467254294DF4D2F9271B831 /* Pods_AR_Solar_System.framework in Frameworks */ = {isa = PBXBuildFile; fileRef = 8B94694CF3363DC57FAAA955 /* Pods_AR_Solar_System.framework */; };
		BC0EADF32148462400A84818 /* SpaceManListViewController.storyboard in Resources */ = {isa = PBXBuildFile; fileRef = BC0EADF22148462400A84818 /* SpaceManListViewController.storyboard */; };
		BC0EADF52148463100A84818 /* SpaceManDetailsViewController.storyboard in Resources */ = {isa = PBXBuildFile; fileRef = BC0EADF42148463100A84818 /* SpaceManDetailsViewController.storyboard */; };
		BC0EADF72148464F00A84818 /* SpaceManListBuilder.swift in Sources */ = {isa = PBXBuildFile; fileRef = BC0EADF62148464F00A84818 /* SpaceManListBuilder.swift */; };
		BC0EADF92148465900A84818 /* SpaceManListInteractor.swift in Sources */ = {isa = PBXBuildFile; fileRef = BC0EADF82148465900A84818 /* SpaceManListInteractor.swift */; };
		BC0EADFB2148466600A84818 /* SpaceManListViewController.swift in Sources */ = {isa = PBXBuildFile; fileRef = BC0EADFA2148466600A84818 /* SpaceManListViewController.swift */; };
		BC154ACD21B302F7005725B8 /* PlanetFact.swift in Sources */ = {isa = PBXBuildFile; fileRef = BC154ACC21B302F7005725B8 /* PlanetFact.swift */; };
		BC154AD021B30390005725B8 /* FactsRepository.swift in Sources */ = {isa = PBXBuildFile; fileRef = BC154ACF21B30390005725B8 /* FactsRepository.swift */; };
		BC154AD221B3039D005725B8 /* DefaultFactsRepository.swift in Sources */ = {isa = PBXBuildFile; fileRef = BC154AD121B3039D005725B8 /* DefaultFactsRepository.swift */; };
		BC154AD521B30962005725B8 /* PlanetFactBuilder.swift in Sources */ = {isa = PBXBuildFile; fileRef = BC154AD421B30962005725B8 /* PlanetFactBuilder.swift */; };
		BC154AD821B3099C005725B8 /* PlanetFactInput.swift in Sources */ = {isa = PBXBuildFile; fileRef = BC154AD721B3099C005725B8 /* PlanetFactInput.swift */; };
		BC154ADA21B309AC005725B8 /* PlanetFactOutput.swift in Sources */ = {isa = PBXBuildFile; fileRef = BC154AD921B309AC005725B8 /* PlanetFactOutput.swift */; };
		BC154ADC21B309B8005725B8 /* PlanetFactInteractor.swift in Sources */ = {isa = PBXBuildFile; fileRef = BC154ADB21B309B8005725B8 /* PlanetFactInteractor.swift */; };
		BC154ADE21B309DC005725B8 /* PlanetFactViewController.swift in Sources */ = {isa = PBXBuildFile; fileRef = BC154ADD21B309DC005725B8 /* PlanetFactViewController.swift */; };
		BC154AE021B309E7005725B8 /* PlanetFactViewController.storyboard in Resources */ = {isa = PBXBuildFile; fileRef = BC154ADF21B309E7005725B8 /* PlanetFactViewController.storyboard */; };
		BC20531C21AC668A003807FD /* ApplicationCache.swift in Sources */ = {isa = PBXBuildFile; fileRef = BC20531A21AC6689003807FD /* ApplicationCache.swift */; };
		BC20531D21AC668A003807FD /* Decoder.swift in Sources */ = {isa = PBXBuildFile; fileRef = BC20531B21AC668A003807FD /* Decoder.swift */; };
		BC20531F21AC66E1003807FD /* Repository.swift in Sources */ = {isa = PBXBuildFile; fileRef = BC20531E21AC66E1003807FD /* Repository.swift */; };
		BC20532121AC672E003807FD /* NavigationRepository.swift in Sources */ = {isa = PBXBuildFile; fileRef = BC20532021AC672E003807FD /* NavigationRepository.swift */; };
		BC20532421AC6778003807FD /* DefaultNavigationRepository.swift in Sources */ = {isa = PBXBuildFile; fileRef = BC20532321AC6778003807FD /* DefaultNavigationRepository.swift */; };
		BC20532621AC6DDF003807FD /* navigation.json in Resources */ = {isa = PBXBuildFile; fileRef = BC20532521AC6DDF003807FD /* navigation.json */; };
		BC20532821AC7037003807FD /* Navigation.swift in Sources */ = {isa = PBXBuildFile; fileRef = BC20532721AC7037003807FD /* Navigation.swift */; };
		BC20532A21AC74B6003807FD /* ViewModelBuilder.swift in Sources */ = {isa = PBXBuildFile; fileRef = BC20532921AC74B6003807FD /* ViewModelBuilder.swift */; };
		BC20532C21AC868E003807FD /* PlanetCategoryBuilder.swift in Sources */ = {isa = PBXBuildFile; fileRef = BC20532B21AC868E003807FD /* PlanetCategoryBuilder.swift */; };
		BC20532F21AC86C7003807FD /* PlanetCategory.swift in Sources */ = {isa = PBXBuildFile; fileRef = BC20532E21AC86C7003807FD /* PlanetCategory.swift */; };
		BC39A8E1214671520013D333 /* SCNNodeExtensions.swift in Sources */ = {isa = PBXBuildFile; fileRef = BC39A8E0214671520013D333 /* SCNNodeExtensions.swift */; };
		BC43276A21A347E100D56149 /* Dione.swift in Sources */ = {isa = PBXBuildFile; fileRef = BC43276921A347E100D56149 /* Dione.swift */; };
		BC43276C21A347EA00D56149 /* Enceladus.swift in Sources */ = {isa = PBXBuildFile; fileRef = BC43276B21A347EA00D56149 /* Enceladus.swift */; };
		BC43276E21A347F500D56149 /* Mimas.swift in Sources */ = {isa = PBXBuildFile; fileRef = BC43276D21A347F500D56149 /* Mimas.swift */; };
		BC43277021A3480000D56149 /* Rhea.swift in Sources */ = {isa = PBXBuildFile; fileRef = BC43276F21A3480000D56149 /* Rhea.swift */; };
		BC43277221A3480E00D56149 /* Tethys.swift in Sources */ = {isa = PBXBuildFile; fileRef = BC43277121A3480E00D56149 /* Tethys.swift */; };
		BC43277621A3489200D56149 /* SaturnAndMoonsBuilder.swift in Sources */ = {isa = PBXBuildFile; fileRef = BC43277521A3489200D56149 /* SaturnAndMoonsBuilder.swift */; };
		BC43277921A34A6400D56149 /* SolarSystemInput.swift in Sources */ = {isa = PBXBuildFile; fileRef = BC43277821A34A6400D56149 /* SolarSystemInput.swift */; };
		BC43277B21A34A6D00D56149 /* SolarSystemOutput.swift in Sources */ = {isa = PBXBuildFile; fileRef = BC43277A21A34A6D00D56149 /* SolarSystemOutput.swift */; };
		BC43277F21A354EA00D56149 /* Ariel.swift in Sources */ = {isa = PBXBuildFile; fileRef = BC43277E21A354EA00D56149 /* Ariel.swift */; };
		BC43278121A354F400D56149 /* Miranda.swift in Sources */ = {isa = PBXBuildFile; fileRef = BC43278021A354F400D56149 /* Miranda.swift */; };
		BC43278321A354FD00D56149 /* Oberon.swift in Sources */ = {isa = PBXBuildFile; fileRef = BC43278221A354FD00D56149 /* Oberon.swift */; };
		BC43278521A3550700D56149 /* Titania.swift in Sources */ = {isa = PBXBuildFile; fileRef = BC43278421A3550700D56149 /* Titania.swift */; };
		BC43278721A3550F00D56149 /* Umbriel.swift in Sources */ = {isa = PBXBuildFile; fileRef = BC43278621A3550F00D56149 /* Umbriel.swift */; };
		BC43278921A3568900D56149 /* UranusAndMoonsBuilder.swift in Sources */ = {isa = PBXBuildFile; fileRef = BC43278821A3568900D56149 /* UranusAndMoonsBuilder.swift */; };
		BC43278D21A35C6A00D56149 /* Triton.swift in Sources */ = {isa = PBXBuildFile; fileRef = BC43278C21A35C6A00D56149 /* Triton.swift */; };
		BC43278F21A35CAD00D56149 /* NeptuneAndMoonsBuilder.swift in Sources */ = {isa = PBXBuildFile; fileRef = BC43278E21A35CAD00D56149 /* NeptuneAndMoonsBuilder.swift */; };
		BC43279321A35EAF00D56149 /* Charon.swift in Sources */ = {isa = PBXBuildFile; fileRef = BC43279221A35EAF00D56149 /* Charon.swift */; };
		BC43279521A35F0000D56149 /* PlutoAndMoonsBuilder.swift in Sources */ = {isa = PBXBuildFile; fileRef = BC43279421A35F0000D56149 /* PlutoAndMoonsBuilder.swift */; };
		BC43279721A3660700D56149 /* SolarSystemViewController+CollectionView.swift in Sources */ = {isa = PBXBuildFile; fileRef = BC43279621A3660700D56149 /* SolarSystemViewController+CollectionView.swift */; };
		BC43279921A3666900D56149 /* PlanetCellSizeGuide.swift in Sources */ = {isa = PBXBuildFile; fileRef = BC43279821A3666900D56149 /* PlanetCellSizeGuide.swift */; };
		BC43279C21A3691100D56149 /* PlanetDistanceBuilder.swift in Sources */ = {isa = PBXBuildFile; fileRef = BC43279B21A3691100D56149 /* PlanetDistanceBuilder.swift */; };
		BC43279F21A3692F00D56149 /* PlanetDistanceInput.swift in Sources */ = {isa = PBXBuildFile; fileRef = BC43279E21A3692F00D56149 /* PlanetDistanceInput.swift */; };
		BC4327A121A3693900D56149 /* PlanetDistanceOutput.swift in Sources */ = {isa = PBXBuildFile; fileRef = BC4327A021A3693900D56149 /* PlanetDistanceOutput.swift */; };
		BC4327A321A3694700D56149 /* PlanetDistanceInteractor.swift in Sources */ = {isa = PBXBuildFile; fileRef = BC4327A221A3694700D56149 /* PlanetDistanceInteractor.swift */; };
		BC4327A521A3695F00D56149 /* PlanetDistanceViewController.swift in Sources */ = {isa = PBXBuildFile; fileRef = BC4327A421A3695F00D56149 /* PlanetDistanceViewController.swift */; };
		BC4327A921A37B2B00D56149 /* PlanetDistanceViewController.storyboard in Resources */ = {isa = PBXBuildFile; fileRef = BC4327A821A37B2B00D56149 /* PlanetDistanceViewController.storyboard */; };
		BC461F4C21B30086003A531B /* facts.json in Resources */ = {isa = PBXBuildFile; fileRef = BC461F4B21B30086003A531B /* facts.json */; };
		BC5CD7442147B6BB0048CCAF /* PlanetCollectionViewCell.swift in Sources */ = {isa = PBXBuildFile; fileRef = BC5CD7422147B6BB0048CCAF /* PlanetCollectionViewCell.swift */; };
		BC5CD7452147B6BB0048CCAF /* PlanetCollectionViewCell.xib in Resources */ = {isa = PBXBuildFile; fileRef = BC5CD7432147B6BB0048CCAF /* PlanetCollectionViewCell.xib */; };
		BC5CD7472147C3070048CCAF /* StoryboardInstantiable.swift in Sources */ = {isa = PBXBuildFile; fileRef = BC5CD7462147C3070048CCAF /* StoryboardInstantiable.swift */; };
		BC5CD7492147C33C0048CCAF /* SolarSystemBuilder.swift in Sources */ = {isa = PBXBuildFile; fileRef = BC5CD7482147C33C0048CCAF /* SolarSystemBuilder.swift */; };
		BC5CD74B2147C3760048CCAF /* SolarSystemInteractor.swift in Sources */ = {isa = PBXBuildFile; fileRef = BC5CD74A2147C3760048CCAF /* SolarSystemInteractor.swift */; };
		BC5CD74D2147C4AA0048CCAF /* SolarSystemViewController.storyboard in Resources */ = {isa = PBXBuildFile; fileRef = BC5CD74C2147C4AA0048CCAF /* SolarSystemViewController.storyboard */; };
		BC5CD7502147DC6E0048CCAF /* PlanetOption.swift in Sources */ = {isa = PBXBuildFile; fileRef = BC5CD74F2147DC6E0048CCAF /* PlanetOption.swift */; };
		BC5CD755214806320048CCAF /* PeopleInSpaceRightNow.swift in Sources */ = {isa = PBXBuildFile; fileRef = BC5CD754214806320048CCAF /* PeopleInSpaceRightNow.swift */; };
		BC5CD757214806560048CCAF /* SpaceMan.swift in Sources */ = {isa = PBXBuildFile; fileRef = BC5CD756214806560048CCAF /* SpaceMan.swift */; };
		BC5CD75A214807200048CCAF /* Request.swift in Sources */ = {isa = PBXBuildFile; fileRef = BC5CD758214807200048CCAF /* Request.swift */; };
		BC5CD75B214807200048CCAF /* ErrorType.swift in Sources */ = {isa = PBXBuildFile; fileRef = BC5CD759214807200048CCAF /* ErrorType.swift */; };
		BC5CD75D214807C00048CCAF /* Utils.swift in Sources */ = {isa = PBXBuildFile; fileRef = BC5CD75C214807C00048CCAF /* Utils.swift */; };
		BC5CD760214807F60048CCAF /* SpacePeopleService.swift in Sources */ = {isa = PBXBuildFile; fileRef = BC5CD75F214807F60048CCAF /* SpacePeopleService.swift */; };
		BC6807AE2157DB5100923B15 /* AudioPlayer.swift in Sources */ = {isa = PBXBuildFile; fileRef = BC6807AD2157DB5100923B15 /* AudioPlayer.swift */; };
		BC6807B12157FEB600923B15 /* PlanetBuilder.swift in Sources */ = {isa = PBXBuildFile; fileRef = BC6807B02157FEB600923B15 /* PlanetBuilder.swift */; };
		BC6807B32157FEDC00923B15 /* MercuryBuilder.swift in Sources */ = {isa = PBXBuildFile; fileRef = BC6807B22157FEDC00923B15 /* MercuryBuilder.swift */; };
		BC6807B521580FD000923B15 /* VenusBuilder.swift in Sources */ = {isa = PBXBuildFile; fileRef = BC6807B421580FD000923B15 /* VenusBuilder.swift */; };
		BC6807B72158108C00923B15 /* EarthAndMoonBuilder.swift in Sources */ = {isa = PBXBuildFile; fileRef = BC6807B62158108C00923B15 /* EarthAndMoonBuilder.swift */; };
		BC6807B9215816AD00923B15 /* SolarSystemPlanetBuilder.swift in Sources */ = {isa = PBXBuildFile; fileRef = BC6807B8215816AD00923B15 /* SolarSystemPlanetBuilder.swift */; };
		BC6807BB2158192E00923B15 /* MarsBuilder.swift in Sources */ = {isa = PBXBuildFile; fileRef = BC6807BA2158192E00923B15 /* MarsBuilder.swift */; };
		BC6807BD21581D8100923B15 /* JupiterAndMoonsBuilder.swift in Sources */ = {isa = PBXBuildFile; fileRef = BC6807BC21581D8100923B15 /* JupiterAndMoonsBuilder.swift */; };
		BC6807C12158266F00923B15 /* EuropaMoon.swift in Sources */ = {isa = PBXBuildFile; fileRef = BC6807C02158266F00923B15 /* EuropaMoon.swift */; };
		BC6807C32158268000923B15 /* GenymedeMoon.swift in Sources */ = {isa = PBXBuildFile; fileRef = BC6807C22158268000923B15 /* GenymedeMoon.swift */; };
		BC6807C52158268800923B15 /* CalistoMoon.swift in Sources */ = {isa = PBXBuildFile; fileRef = BC6807C42158268800923B15 /* CalistoMoon.swift */; };
		BC6807C72158269500923B15 /* IoMoon.swift in Sources */ = {isa = PBXBuildFile; fileRef = BC6807C62158269500923B15 /* IoMoon.swift */; };
		BC7A8FFF21B43E8A0085F09F /* LivePhotoRecorder.swift in Sources */ = {isa = PBXBuildFile; fileRef = BC7A8FFE21B43E8A0085F09F /* LivePhotoRecorder.swift */; };
		BC7A900121B43F220085F09F /* DefaultLivePhotoRecorder.swift in Sources */ = {isa = PBXBuildFile; fileRef = BC7A900021B43F220085F09F /* DefaultLivePhotoRecorder.swift */; };
		BCA10BE8214664620049F72C /* Alert.swift in Sources */ = {isa = PBXBuildFile; fileRef = BCA10BE7214664610049F72C /* Alert.swift */; };
		BCA6ED4521465D4B00CDFC18 /* AppDelegate.swift in Sources */ = {isa = PBXBuildFile; fileRef = BCA6ED4421465D4B00CDFC18 /* AppDelegate.swift */; };
		BCA6ED4721465D4B00CDFC18 /* art.scnassets in Resources */ = {isa = PBXBuildFile; fileRef = BCA6ED4621465D4B00CDFC18 /* art.scnassets */; };
		BCA6ED4921465D4B00CDFC18 /* SolarSystemViewController.swift in Sources */ = {isa = PBXBuildFile; fileRef = BCA6ED4821465D4B00CDFC18 /* SolarSystemViewController.swift */; };
		BCA6ED4E21465D4C00CDFC18 /* Assets.xcassets in Resources */ = {isa = PBXBuildFile; fileRef = BCA6ED4D21465D4C00CDFC18 /* Assets.xcassets */; };
		BCA6ED5121465D4C00CDFC18 /* LaunchScreen.storyboard in Resources */ = {isa = PBXBuildFile; fileRef = BCA6ED4F21465D4C00CDFC18 /* LaunchScreen.storyboard */; };
		BCAD374121B408E4009E7AE6 /* FactTableViewCell.swift in Sources */ = {isa = PBXBuildFile; fileRef = BCAD373F21B408E4009E7AE6 /* FactTableViewCell.swift */; };
		BCAD374221B408E4009E7AE6 /* FactTableViewCell.xib in Resources */ = {isa = PBXBuildFile; fileRef = BCAD374021B408E4009E7AE6 /* FactTableViewCell.xib */; };
		BCAD374421B43200009E7AE6 /* SolarSystemViewController+Actions.swift in Sources */ = {isa = PBXBuildFile; fileRef = BCAD374321B43200009E7AE6 /* SolarSystemViewController+Actions.swift */; };
		BCB029662150396B00881901 /* ImageDownloader.swift in Sources */ = {isa = PBXBuildFile; fileRef = BCB029652150396B00881901 /* ImageDownloader.swift */; };
		BCB029682150433B00881901 /* SpaceManDetailsBuilder.swift in Sources */ = {isa = PBXBuildFile; fileRef = BCB029672150433B00881901 /* SpaceManDetailsBuilder.swift */; };
		BCB0296A2150434600881901 /* SpaceManDetailsInteractor.swift in Sources */ = {isa = PBXBuildFile; fileRef = BCB029692150434600881901 /* SpaceManDetailsInteractor.swift */; };
		BCB0296C2150435500881901 /* SpaceManDetailsViewController.swift in Sources */ = {isa = PBXBuildFile; fileRef = BCB0296B2150435500881901 /* SpaceManDetailsViewController.swift */; };
		BCB0296E2150506A00881901 /* UIViewControllerExtensions.swift in Sources */ = {isa = PBXBuildFile; fileRef = BCB0296D2150506A00881901 /* UIViewControllerExtensions.swift */; };
		BCCAEF2F2150324A0080C2FC /* CosmonautTableViewCell.swift in Sources */ = {isa = PBXBuildFile; fileRef = BCCAEF2D2150324A0080C2FC /* CosmonautTableViewCell.swift */; };
		BCCAEF302150324A0080C2FC /* CosmonautTableViewCell.xib in Resources */ = {isa = PBXBuildFile; fileRef = BCCAEF2E2150324A0080C2FC /* CosmonautTableViewCell.xib */; };
		BCE383222152CD2700662D79 /* AudioPlayerBuilder.swift in Sources */ = {isa = PBXBuildFile; fileRef = BCE383212152CD2700662D79 /* AudioPlayerBuilder.swift */; };
		BCE383242152CD3600662D79 /* AudioPlayerInteractor.swift in Sources */ = {isa = PBXBuildFile; fileRef = BCE383232152CD3600662D79 /* AudioPlayerInteractor.swift */; };
		BCE383262152CD4E00662D79 /* AudioPlayerViewController.swift in Sources */ = {isa = PBXBuildFile; fileRef = BCE383252152CD4E00662D79 /* AudioPlayerViewController.swift */; };
		BCE383282152CD6D00662D79 /* AudioPlayerViewController.storyboard in Resources */ = {isa = PBXBuildFile; fileRef = BCE383272152CD6D00662D79 /* AudioPlayerViewController.storyboard */; };
		BCE3832A2152DEC100662D79 /* UserDefaults+AudioPlayerSettings.swift in Sources */ = {isa = PBXBuildFile; fileRef = BCE383292152DEC100662D79 /* UserDefaults+AudioPlayerSettings.swift */; };
		BCE3832C2152E58F00662D79 /* FirstLaunch.swift in Sources */ = {isa = PBXBuildFile; fileRef = BCE3832B2152E58F00662D79 /* FirstLaunch.swift */; };
		BCE383302152E7FF00662D79 /* AudioTrack.swift in Sources */ = {isa = PBXBuildFile; fileRef = BCE3832F2152E7FF00662D79 /* AudioTrack.swift */; };
		BCE383322152E8CB00662D79 /* TracksBuilder.swift in Sources */ = {isa = PBXBuildFile; fileRef = BCE383312152E8CB00662D79 /* TracksBuilder.swift */; };
		BCE383382152EB3700662D79 /* The Cosmos - Johannes Bornlöf.mp3 in Resources */ = {isa = PBXBuildFile; fileRef = BCE383352152EB3600662D79 /* The Cosmos - Johannes Bornlöf.mp3 */; };
		BCE383392152EB3700662D79 /* Floating Drone - Teddy Bergström.mp3 in Resources */ = {isa = PBXBuildFile; fileRef = BCE383362152EB3700662D79 /* Floating Drone - Teddy Bergström.mp3 */; };
		BCE3833A2152EB3700662D79 /* Lonely Space Rhodes - Jonas Elander.mp3 in Resources */ = {isa = PBXBuildFile; fileRef = BCE383372152EB3700662D79 /* Lonely Space Rhodes - Jonas Elander.mp3 */; };
		BCF11CE3219DFC2B004AFD5F /* AppConfigurable.swift in Sources */ = {isa = PBXBuildFile; fileRef = BCF11CE2219DFC2B004AFD5F /* AppConfigurable.swift */; };
		BCF11CE5219DFC58004AFD5F /* DefaultAppConfigurator.swift in Sources */ = {isa = PBXBuildFile; fileRef = BCF11CE4219DFC58004AFD5F /* DefaultAppConfigurator.swift */; };
		BCF11CE7219DFF21004AFD5F /* SpacePeopleProtocol.swift in Sources */ = {isa = PBXBuildFile; fileRef = BCF11CE6219DFF21004AFD5F /* SpacePeopleProtocol.swift */; };
		BCF11CE9219E03B4004AFD5F /* AudioPlayerDelegate.swift in Sources */ = {isa = PBXBuildFile; fileRef = BCF11CE8219E03B4004AFD5F /* AudioPlayerDelegate.swift */; };
		BCF11CEB219E03D7004AFD5F /* AudioTracksBuilder.swift in Sources */ = {isa = PBXBuildFile; fileRef = BCF11CEA219E03D7004AFD5F /* AudioTracksBuilder.swift */; };
		BCF11CEF219E0728004AFD5F /* AudioPlayerInput.swift in Sources */ = {isa = PBXBuildFile; fileRef = BCF11CEE219E0728004AFD5F /* AudioPlayerInput.swift */; };
		BCF11CF1219E073C004AFD5F /* AudioPlayerOutput.swift in Sources */ = {isa = PBXBuildFile; fileRef = BCF11CF0219E073C004AFD5F /* AudioPlayerOutput.swift */; };
		BCF11CF4219EA91A004AFD5F /* SpaceManListInput.swift in Sources */ = {isa = PBXBuildFile; fileRef = BCF11CF3219EA91A004AFD5F /* SpaceManListInput.swift */; };
		BCF11CF6219EA922004AFD5F /* SpaceManListOutput.swift in Sources */ = {isa = PBXBuildFile; fileRef = BCF11CF5219EA922004AFD5F /* SpaceManListOutput.swift */; };
		BCF6D4D521469F6900D39D69 /* Planet.swift in Sources */ = {isa = PBXBuildFile; fileRef = BCF6D4D421469F6900D39D69 /* Planet.swift */; };
		BCF6D4D72146AC7300D39D69 /* Ring.swift in Sources */ = {isa = PBXBuildFile; fileRef = BCF6D4D62146AC7300D39D69 /* Ring.swift */; };
		BCF6D4DA2146AED000D39D69 /* Sun.swift in Sources */ = {isa = PBXBuildFile; fileRef = BCF6D4D92146AED000D39D69 /* Sun.swift */; };
		BCF6D4DC2146AEE000D39D69 /* Mercury.swift in Sources */ = {isa = PBXBuildFile; fileRef = BCF6D4DB2146AEE000D39D69 /* Mercury.swift */; };
		BCF6D4DE2146AEE700D39D69 /* Venus.swift in Sources */ = {isa = PBXBuildFile; fileRef = BCF6D4DD2146AEE700D39D69 /* Venus.swift */; };
		BCF6D4E02146AEEE00D39D69 /* Earth.swift in Sources */ = {isa = PBXBuildFile; fileRef = BCF6D4DF2146AEEE00D39D69 /* Earth.swift */; };
		BCF6D4E22146AEF600D39D69 /* Moon.swift in Sources */ = {isa = PBXBuildFile; fileRef = BCF6D4E12146AEF600D39D69 /* Moon.swift */; };
		BCF6D4E42146AEFE00D39D69 /* Mars.swift in Sources */ = {isa = PBXBuildFile; fileRef = BCF6D4E32146AEFE00D39D69 /* Mars.swift */; };
		BCF6D4E62146AF0500D39D69 /* Jupiter.swift in Sources */ = {isa = PBXBuildFile; fileRef = BCF6D4E52146AF0500D39D69 /* Jupiter.swift */; };
		BCF6D4E82146AF0B00D39D69 /* Saturn.swift in Sources */ = {isa = PBXBuildFile; fileRef = BCF6D4E72146AF0B00D39D69 /* Saturn.swift */; };
		BCF6D4EA2146AF1100D39D69 /* Uranus.swift in Sources */ = {isa = PBXBuildFile; fileRef = BCF6D4E92146AF1100D39D69 /* Uranus.swift */; };
		BCF6D4EC2146AF1B00D39D69 /* Neptune.swift in Sources */ = {isa = PBXBuildFile; fileRef = BCF6D4EB2146AF1B00D39D69 /* Neptune.swift */; };
		BCF6D4EE2146AF2300D39D69 /* Pluto.swift in Sources */ = {isa = PBXBuildFile; fileRef = BCF6D4ED2146AF2300D39D69 /* Pluto.swift */; };
/* End PBXBuildFile section */

/* Begin PBXFileReference section */
		0E4FC49E5633DAABD487A8FD /* Pods-AR Solar System.debug.xcconfig */ = {isa = PBXFileReference; includeInIndex = 1; lastKnownFileType = text.xcconfig; name = "Pods-AR Solar System.debug.xcconfig"; path = "Pods/Target Support Files/Pods-AR Solar System/Pods-AR Solar System.debug.xcconfig"; sourceTree = "<group>"; };
		8B94694CF3363DC57FAAA955 /* Pods_AR_Solar_System.framework */ = {isa = PBXFileReference; explicitFileType = wrapper.framework; includeInIndex = 0; path = Pods_AR_Solar_System.framework; sourceTree = BUILT_PRODUCTS_DIR; };
		BC0EADF22148462400A84818 /* SpaceManListViewController.storyboard */ = {isa = PBXFileReference; lastKnownFileType = file.storyboard; path = SpaceManListViewController.storyboard; sourceTree = "<group>"; };
		BC0EADF42148463100A84818 /* SpaceManDetailsViewController.storyboard */ = {isa = PBXFileReference; lastKnownFileType = file.storyboard; path = SpaceManDetailsViewController.storyboard; sourceTree = "<group>"; };
		BC0EADF62148464F00A84818 /* SpaceManListBuilder.swift */ = {isa = PBXFileReference; lastKnownFileType = sourcecode.swift; path = SpaceManListBuilder.swift; sourceTree = "<group>"; };
		BC0EADF82148465900A84818 /* SpaceManListInteractor.swift */ = {isa = PBXFileReference; lastKnownFileType = sourcecode.swift; path = SpaceManListInteractor.swift; sourceTree = "<group>"; };
		BC0EADFA2148466600A84818 /* SpaceManListViewController.swift */ = {isa = PBXFileReference; lastKnownFileType = sourcecode.swift; path = SpaceManListViewController.swift; sourceTree = "<group>"; };
		BC154ACC21B302F7005725B8 /* PlanetFact.swift */ = {isa = PBXFileReference; lastKnownFileType = sourcecode.swift; path = PlanetFact.swift; sourceTree = "<group>"; };
		BC154ACF21B30390005725B8 /* FactsRepository.swift */ = {isa = PBXFileReference; lastKnownFileType = sourcecode.swift; path = FactsRepository.swift; sourceTree = "<group>"; };
		BC154AD121B3039D005725B8 /* DefaultFactsRepository.swift */ = {isa = PBXFileReference; lastKnownFileType = sourcecode.swift; path = DefaultFactsRepository.swift; sourceTree = "<group>"; };
		BC154AD421B30962005725B8 /* PlanetFactBuilder.swift */ = {isa = PBXFileReference; lastKnownFileType = sourcecode.swift; path = PlanetFactBuilder.swift; sourceTree = "<group>"; };
		BC154AD721B3099C005725B8 /* PlanetFactInput.swift */ = {isa = PBXFileReference; lastKnownFileType = sourcecode.swift; path = PlanetFactInput.swift; sourceTree = "<group>"; };
		BC154AD921B309AC005725B8 /* PlanetFactOutput.swift */ = {isa = PBXFileReference; lastKnownFileType = sourcecode.swift; path = PlanetFactOutput.swift; sourceTree = "<group>"; };
		BC154ADB21B309B8005725B8 /* PlanetFactInteractor.swift */ = {isa = PBXFileReference; lastKnownFileType = sourcecode.swift; path = PlanetFactInteractor.swift; sourceTree = "<group>"; };
		BC154ADD21B309DC005725B8 /* PlanetFactViewController.swift */ = {isa = PBXFileReference; lastKnownFileType = sourcecode.swift; path = PlanetFactViewController.swift; sourceTree = "<group>"; };
		BC154ADF21B309E7005725B8 /* PlanetFactViewController.storyboard */ = {isa = PBXFileReference; lastKnownFileType = file.storyboard; path = PlanetFactViewController.storyboard; sourceTree = "<group>"; };
		BC20531A21AC6689003807FD /* ApplicationCache.swift */ = {isa = PBXFileReference; fileEncoding = 4; lastKnownFileType = sourcecode.swift; path = ApplicationCache.swift; sourceTree = "<group>"; };
		BC20531B21AC668A003807FD /* Decoder.swift */ = {isa = PBXFileReference; fileEncoding = 4; lastKnownFileType = sourcecode.swift; path = Decoder.swift; sourceTree = "<group>"; };
		BC20531E21AC66E1003807FD /* Repository.swift */ = {isa = PBXFileReference; fileEncoding = 4; lastKnownFileType = sourcecode.swift; path = Repository.swift; sourceTree = "<group>"; };
		BC20532021AC672E003807FD /* NavigationRepository.swift */ = {isa = PBXFileReference; lastKnownFileType = sourcecode.swift; path = NavigationRepository.swift; sourceTree = "<group>"; };
		BC20532321AC6778003807FD /* DefaultNavigationRepository.swift */ = {isa = PBXFileReference; lastKnownFileType = sourcecode.swift; path = DefaultNavigationRepository.swift; sourceTree = "<group>"; };
		BC20532521AC6DDF003807FD /* navigation.json */ = {isa = PBXFileReference; fileEncoding = 4; lastKnownFileType = text.json; path = navigation.json; sourceTree = "<group>"; };
		BC20532721AC7037003807FD /* Navigation.swift */ = {isa = PBXFileReference; lastKnownFileType = sourcecode.swift; path = Navigation.swift; sourceTree = "<group>"; };
		BC20532921AC74B6003807FD /* ViewModelBuilder.swift */ = {isa = PBXFileReference; lastKnownFileType = sourcecode.swift; path = ViewModelBuilder.swift; sourceTree = "<group>"; };
		BC20532B21AC868E003807FD /* PlanetCategoryBuilder.swift */ = {isa = PBXFileReference; lastKnownFileType = sourcecode.swift; path = PlanetCategoryBuilder.swift; sourceTree = "<group>"; };
		BC20532E21AC86C7003807FD /* PlanetCategory.swift */ = {isa = PBXFileReference; lastKnownFileType = sourcecode.swift; path = PlanetCategory.swift; sourceTree = "<group>"; };
		BC39A8E0214671520013D333 /* SCNNodeExtensions.swift */ = {isa = PBXFileReference; lastKnownFileType = sourcecode.swift; path = SCNNodeExtensions.swift; sourceTree = "<group>"; };
		BC43276921A347E100D56149 /* Dione.swift */ = {isa = PBXFileReference; lastKnownFileType = sourcecode.swift; path = Dione.swift; sourceTree = "<group>"; };
		BC43276B21A347EA00D56149 /* Enceladus.swift */ = {isa = PBXFileReference; lastKnownFileType = sourcecode.swift; path = Enceladus.swift; sourceTree = "<group>"; };
		BC43276D21A347F500D56149 /* Mimas.swift */ = {isa = PBXFileReference; lastKnownFileType = sourcecode.swift; path = Mimas.swift; sourceTree = "<group>"; };
		BC43276F21A3480000D56149 /* Rhea.swift */ = {isa = PBXFileReference; lastKnownFileType = sourcecode.swift; path = Rhea.swift; sourceTree = "<group>"; };
		BC43277121A3480E00D56149 /* Tethys.swift */ = {isa = PBXFileReference; lastKnownFileType = sourcecode.swift; path = Tethys.swift; sourceTree = "<group>"; };
		BC43277521A3489200D56149 /* SaturnAndMoonsBuilder.swift */ = {isa = PBXFileReference; lastKnownFileType = sourcecode.swift; path = SaturnAndMoonsBuilder.swift; sourceTree = "<group>"; };
		BC43277821A34A6400D56149 /* SolarSystemInput.swift */ = {isa = PBXFileReference; lastKnownFileType = sourcecode.swift; path = SolarSystemInput.swift; sourceTree = "<group>"; };
		BC43277A21A34A6D00D56149 /* SolarSystemOutput.swift */ = {isa = PBXFileReference; lastKnownFileType = sourcecode.swift; path = SolarSystemOutput.swift; sourceTree = "<group>"; };
		BC43277E21A354EA00D56149 /* Ariel.swift */ = {isa = PBXFileReference; lastKnownFileType = sourcecode.swift; path = Ariel.swift; sourceTree = "<group>"; };
		BC43278021A354F400D56149 /* Miranda.swift */ = {isa = PBXFileReference; lastKnownFileType = sourcecode.swift; path = Miranda.swift; sourceTree = "<group>"; };
		BC43278221A354FD00D56149 /* Oberon.swift */ = {isa = PBXFileReference; lastKnownFileType = sourcecode.swift; path = Oberon.swift; sourceTree = "<group>"; };
		BC43278421A3550700D56149 /* Titania.swift */ = {isa = PBXFileReference; lastKnownFileType = sourcecode.swift; path = Titania.swift; sourceTree = "<group>"; };
		BC43278621A3550F00D56149 /* Umbriel.swift */ = {isa = PBXFileReference; lastKnownFileType = sourcecode.swift; path = Umbriel.swift; sourceTree = "<group>"; };
		BC43278821A3568900D56149 /* UranusAndMoonsBuilder.swift */ = {isa = PBXFileReference; lastKnownFileType = sourcecode.swift; path = UranusAndMoonsBuilder.swift; sourceTree = "<group>"; };
		BC43278C21A35C6A00D56149 /* Triton.swift */ = {isa = PBXFileReference; lastKnownFileType = sourcecode.swift; path = Triton.swift; sourceTree = "<group>"; };
		BC43278E21A35CAD00D56149 /* NeptuneAndMoonsBuilder.swift */ = {isa = PBXFileReference; lastKnownFileType = sourcecode.swift; path = NeptuneAndMoonsBuilder.swift; sourceTree = "<group>"; };
		BC43279221A35EAF00D56149 /* Charon.swift */ = {isa = PBXFileReference; lastKnownFileType = sourcecode.swift; path = Charon.swift; sourceTree = "<group>"; };
		BC43279421A35F0000D56149 /* PlutoAndMoonsBuilder.swift */ = {isa = PBXFileReference; lastKnownFileType = sourcecode.swift; path = PlutoAndMoonsBuilder.swift; sourceTree = "<group>"; };
		BC43279621A3660700D56149 /* SolarSystemViewController+CollectionView.swift */ = {isa = PBXFileReference; lastKnownFileType = sourcecode.swift; path = "SolarSystemViewController+CollectionView.swift"; sourceTree = "<group>"; };
		BC43279821A3666900D56149 /* PlanetCellSizeGuide.swift */ = {isa = PBXFileReference; lastKnownFileType = sourcecode.swift; path = PlanetCellSizeGuide.swift; sourceTree = "<group>"; };
		BC43279B21A3691100D56149 /* PlanetDistanceBuilder.swift */ = {isa = PBXFileReference; lastKnownFileType = sourcecode.swift; path = PlanetDistanceBuilder.swift; sourceTree = "<group>"; };
		BC43279E21A3692F00D56149 /* PlanetDistanceInput.swift */ = {isa = PBXFileReference; lastKnownFileType = sourcecode.swift; path = PlanetDistanceInput.swift; sourceTree = "<group>"; };
		BC4327A021A3693900D56149 /* PlanetDistanceOutput.swift */ = {isa = PBXFileReference; lastKnownFileType = sourcecode.swift; path = PlanetDistanceOutput.swift; sourceTree = "<group>"; };
		BC4327A221A3694700D56149 /* PlanetDistanceInteractor.swift */ = {isa = PBXFileReference; lastKnownFileType = sourcecode.swift; path = PlanetDistanceInteractor.swift; sourceTree = "<group>"; };
		BC4327A421A3695F00D56149 /* PlanetDistanceViewController.swift */ = {isa = PBXFileReference; lastKnownFileType = sourcecode.swift; path = PlanetDistanceViewController.swift; sourceTree = "<group>"; };
		BC4327A821A37B2B00D56149 /* PlanetDistanceViewController.storyboard */ = {isa = PBXFileReference; fileEncoding = 4; lastKnownFileType = file.storyboard; path = PlanetDistanceViewController.storyboard; sourceTree = "<group>"; };
		BC461F4B21B30086003A531B /* facts.json */ = {isa = PBXFileReference; fileEncoding = 4; lastKnownFileType = text.json; path = facts.json; sourceTree = "<group>"; };
		BC5CD7422147B6BB0048CCAF /* PlanetCollectionViewCell.swift */ = {isa = PBXFileReference; lastKnownFileType = sourcecode.swift; path = PlanetCollectionViewCell.swift; sourceTree = "<group>"; };
		BC5CD7432147B6BB0048CCAF /* PlanetCollectionViewCell.xib */ = {isa = PBXFileReference; lastKnownFileType = file.xib; path = PlanetCollectionViewCell.xib; sourceTree = "<group>"; };
		BC5CD7462147C3070048CCAF /* StoryboardInstantiable.swift */ = {isa = PBXFileReference; fileEncoding = 4; lastKnownFileType = sourcecode.swift; path = StoryboardInstantiable.swift; sourceTree = "<group>"; };
		BC5CD7482147C33C0048CCAF /* SolarSystemBuilder.swift */ = {isa = PBXFileReference; lastKnownFileType = sourcecode.swift; path = SolarSystemBuilder.swift; sourceTree = "<group>"; };
		BC5CD74A2147C3760048CCAF /* SolarSystemInteractor.swift */ = {isa = PBXFileReference; lastKnownFileType = sourcecode.swift; path = SolarSystemInteractor.swift; sourceTree = "<group>"; };
		BC5CD74C2147C4AA0048CCAF /* SolarSystemViewController.storyboard */ = {isa = PBXFileReference; lastKnownFileType = file.storyboard; path = SolarSystemViewController.storyboard; sourceTree = "<group>"; };
		BC5CD74F2147DC6E0048CCAF /* PlanetOption.swift */ = {isa = PBXFileReference; lastKnownFileType = sourcecode.swift; path = PlanetOption.swift; sourceTree = "<group>"; };
		BC5CD754214806320048CCAF /* PeopleInSpaceRightNow.swift */ = {isa = PBXFileReference; lastKnownFileType = sourcecode.swift; path = PeopleInSpaceRightNow.swift; sourceTree = "<group>"; };
		BC5CD756214806560048CCAF /* SpaceMan.swift */ = {isa = PBXFileReference; lastKnownFileType = sourcecode.swift; name = SpaceMan.swift; path = "AR Solar System/Networking/SpaceMan.swift"; sourceTree = SOURCE_ROOT; };
		BC5CD758214807200048CCAF /* Request.swift */ = {isa = PBXFileReference; fileEncoding = 4; lastKnownFileType = sourcecode.swift; path = Request.swift; sourceTree = "<group>"; };
		BC5CD759214807200048CCAF /* ErrorType.swift */ = {isa = PBXFileReference; fileEncoding = 4; lastKnownFileType = sourcecode.swift; path = ErrorType.swift; sourceTree = "<group>"; };
		BC5CD75C214807C00048CCAF /* Utils.swift */ = {isa = PBXFileReference; lastKnownFileType = sourcecode.swift; path = Utils.swift; sourceTree = "<group>"; };
		BC5CD75F214807F60048CCAF /* SpacePeopleService.swift */ = {isa = PBXFileReference; lastKnownFileType = sourcecode.swift; path = SpacePeopleService.swift; sourceTree = "<group>"; };
		BC6807AD2157DB5100923B15 /* AudioPlayer.swift */ = {isa = PBXFileReference; lastKnownFileType = sourcecode.swift; path = AudioPlayer.swift; sourceTree = "<group>"; };
		BC6807B02157FEB600923B15 /* PlanetBuilder.swift */ = {isa = PBXFileReference; lastKnownFileType = sourcecode.swift; path = PlanetBuilder.swift; sourceTree = "<group>"; };
		BC6807B22157FEDC00923B15 /* MercuryBuilder.swift */ = {isa = PBXFileReference; lastKnownFileType = sourcecode.swift; path = MercuryBuilder.swift; sourceTree = "<group>"; };
		BC6807B421580FD000923B15 /* VenusBuilder.swift */ = {isa = PBXFileReference; lastKnownFileType = sourcecode.swift; path = VenusBuilder.swift; sourceTree = "<group>"; };
		BC6807B62158108C00923B15 /* EarthAndMoonBuilder.swift */ = {isa = PBXFileReference; lastKnownFileType = sourcecode.swift; path = EarthAndMoonBuilder.swift; sourceTree = "<group>"; };
		BC6807B8215816AD00923B15 /* SolarSystemPlanetBuilder.swift */ = {isa = PBXFileReference; lastKnownFileType = sourcecode.swift; path = SolarSystemPlanetBuilder.swift; sourceTree = "<group>"; };
		BC6807BA2158192E00923B15 /* MarsBuilder.swift */ = {isa = PBXFileReference; lastKnownFileType = sourcecode.swift; path = MarsBuilder.swift; sourceTree = "<group>"; };
		BC6807BC21581D8100923B15 /* JupiterAndMoonsBuilder.swift */ = {isa = PBXFileReference; lastKnownFileType = sourcecode.swift; path = JupiterAndMoonsBuilder.swift; sourceTree = "<group>"; };
		BC6807C02158266F00923B15 /* EuropaMoon.swift */ = {isa = PBXFileReference; lastKnownFileType = sourcecode.swift; path = EuropaMoon.swift; sourceTree = "<group>"; };
		BC6807C22158268000923B15 /* GenymedeMoon.swift */ = {isa = PBXFileReference; lastKnownFileType = sourcecode.swift; path = GenymedeMoon.swift; sourceTree = "<group>"; };
		BC6807C42158268800923B15 /* CalistoMoon.swift */ = {isa = PBXFileReference; lastKnownFileType = sourcecode.swift; path = CalistoMoon.swift; sourceTree = "<group>"; };
		BC6807C62158269500923B15 /* IoMoon.swift */ = {isa = PBXFileReference; lastKnownFileType = sourcecode.swift; path = IoMoon.swift; sourceTree = "<group>"; };
		BC7A8FFE21B43E8A0085F09F /* LivePhotoRecorder.swift */ = {isa = PBXFileReference; lastKnownFileType = sourcecode.swift; path = LivePhotoRecorder.swift; sourceTree = "<group>"; };
		BC7A900021B43F220085F09F /* DefaultLivePhotoRecorder.swift */ = {isa = PBXFileReference; lastKnownFileType = sourcecode.swift; path = DefaultLivePhotoRecorder.swift; sourceTree = "<group>"; };
		BCA10BE7214664610049F72C /* Alert.swift */ = {isa = PBXFileReference; fileEncoding = 4; lastKnownFileType = sourcecode.swift; path = Alert.swift; sourceTree = "<group>"; };
		BCA6ED4121465D4B00CDFC18 /* AR Solar System.app */ = {isa = PBXFileReference; explicitFileType = wrapper.application; includeInIndex = 0; path = "AR Solar System.app"; sourceTree = BUILT_PRODUCTS_DIR; };
		BCA6ED4421465D4B00CDFC18 /* AppDelegate.swift */ = {isa = PBXFileReference; lastKnownFileType = sourcecode.swift; path = AppDelegate.swift; sourceTree = "<group>"; };
		BCA6ED4621465D4B00CDFC18 /* art.scnassets */ = {isa = PBXFileReference; lastKnownFileType = wrapper.scnassets; path = art.scnassets; sourceTree = "<group>"; };
		BCA6ED4821465D4B00CDFC18 /* SolarSystemViewController.swift */ = {isa = PBXFileReference; lastKnownFileType = sourcecode.swift; path = SolarSystemViewController.swift; sourceTree = "<group>"; };
		BCA6ED4D21465D4C00CDFC18 /* Assets.xcassets */ = {isa = PBXFileReference; lastKnownFileType = folder.assetcatalog; path = Assets.xcassets; sourceTree = "<group>"; };
		BCA6ED5021465D4C00CDFC18 /* Base */ = {isa = PBXFileReference; lastKnownFileType = file.storyboard; name = Base; path = Base.lproj/LaunchScreen.storyboard; sourceTree = "<group>"; };
		BCA6ED5221465D4C00CDFC18 /* Info.plist */ = {isa = PBXFileReference; lastKnownFileType = text.plist.xml; path = Info.plist; sourceTree = "<group>"; };
		BCAD373F21B408E4009E7AE6 /* FactTableViewCell.swift */ = {isa = PBXFileReference; lastKnownFileType = sourcecode.swift; path = FactTableViewCell.swift; sourceTree = "<group>"; };
		BCAD374021B408E4009E7AE6 /* FactTableViewCell.xib */ = {isa = PBXFileReference; lastKnownFileType = file.xib; path = FactTableViewCell.xib; sourceTree = "<group>"; };
		BCAD374321B43200009E7AE6 /* SolarSystemViewController+Actions.swift */ = {isa = PBXFileReference; lastKnownFileType = sourcecode.swift; path = "SolarSystemViewController+Actions.swift"; sourceTree = "<group>"; };
		BCB029652150396B00881901 /* ImageDownloader.swift */ = {isa = PBXFileReference; lastKnownFileType = sourcecode.swift; path = ImageDownloader.swift; sourceTree = "<group>"; };
		BCB029672150433B00881901 /* SpaceManDetailsBuilder.swift */ = {isa = PBXFileReference; lastKnownFileType = sourcecode.swift; path = SpaceManDetailsBuilder.swift; sourceTree = "<group>"; };
		BCB029692150434600881901 /* SpaceManDetailsInteractor.swift */ = {isa = PBXFileReference; lastKnownFileType = sourcecode.swift; path = SpaceManDetailsInteractor.swift; sourceTree = "<group>"; };
		BCB0296B2150435500881901 /* SpaceManDetailsViewController.swift */ = {isa = PBXFileReference; lastKnownFileType = sourcecode.swift; path = SpaceManDetailsViewController.swift; sourceTree = "<group>"; };
		BCB0296D2150506A00881901 /* UIViewControllerExtensions.swift */ = {isa = PBXFileReference; lastKnownFileType = sourcecode.swift; path = UIViewControllerExtensions.swift; sourceTree = "<group>"; };
		BCCAEF2D2150324A0080C2FC /* CosmonautTableViewCell.swift */ = {isa = PBXFileReference; lastKnownFileType = sourcecode.swift; path = CosmonautTableViewCell.swift; sourceTree = "<group>"; };
		BCCAEF2E2150324A0080C2FC /* CosmonautTableViewCell.xib */ = {isa = PBXFileReference; lastKnownFileType = file.xib; path = CosmonautTableViewCell.xib; sourceTree = "<group>"; };
		BCE383212152CD2700662D79 /* AudioPlayerBuilder.swift */ = {isa = PBXFileReference; lastKnownFileType = sourcecode.swift; path = AudioPlayerBuilder.swift; sourceTree = "<group>"; };
		BCE383232152CD3600662D79 /* AudioPlayerInteractor.swift */ = {isa = PBXFileReference; lastKnownFileType = sourcecode.swift; path = AudioPlayerInteractor.swift; sourceTree = "<group>"; };
		BCE383252152CD4E00662D79 /* AudioPlayerViewController.swift */ = {isa = PBXFileReference; lastKnownFileType = sourcecode.swift; path = AudioPlayerViewController.swift; sourceTree = "<group>"; };
		BCE383272152CD6D00662D79 /* AudioPlayerViewController.storyboard */ = {isa = PBXFileReference; lastKnownFileType = file.storyboard; path = AudioPlayerViewController.storyboard; sourceTree = "<group>"; };
		BCE383292152DEC100662D79 /* UserDefaults+AudioPlayerSettings.swift */ = {isa = PBXFileReference; lastKnownFileType = sourcecode.swift; path = "UserDefaults+AudioPlayerSettings.swift"; sourceTree = "<group>"; };
		BCE3832B2152E58F00662D79 /* FirstLaunch.swift */ = {isa = PBXFileReference; lastKnownFileType = sourcecode.swift; path = FirstLaunch.swift; sourceTree = "<group>"; };
		BCE3832F2152E7FF00662D79 /* AudioTrack.swift */ = {isa = PBXFileReference; lastKnownFileType = sourcecode.swift; path = AudioTrack.swift; sourceTree = "<group>"; };
		BCE383312152E8CB00662D79 /* TracksBuilder.swift */ = {isa = PBXFileReference; lastKnownFileType = sourcecode.swift; path = TracksBuilder.swift; sourceTree = "<group>"; };
		BCE383352152EB3600662D79 /* The Cosmos - Johannes Bornlöf.mp3 */ = {isa = PBXFileReference; lastKnownFileType = audio.mp3; path = "The Cosmos - Johannes Bornlöf.mp3"; sourceTree = "<group>"; };
		BCE383362152EB3700662D79 /* Floating Drone - Teddy Bergström.mp3 */ = {isa = PBXFileReference; lastKnownFileType = audio.mp3; path = "Floating Drone - Teddy Bergström.mp3"; sourceTree = "<group>"; };
		BCE383372152EB3700662D79 /* Lonely Space Rhodes - Jonas Elander.mp3 */ = {isa = PBXFileReference; lastKnownFileType = audio.mp3; path = "Lonely Space Rhodes - Jonas Elander.mp3"; sourceTree = "<group>"; };
		BCF11CE2219DFC2B004AFD5F /* AppConfigurable.swift */ = {isa = PBXFileReference; lastKnownFileType = sourcecode.swift; path = AppConfigurable.swift; sourceTree = "<group>"; };
		BCF11CE4219DFC58004AFD5F /* DefaultAppConfigurator.swift */ = {isa = PBXFileReference; lastKnownFileType = sourcecode.swift; path = DefaultAppConfigurator.swift; sourceTree = "<group>"; };
		BCF11CE6219DFF21004AFD5F /* SpacePeopleProtocol.swift */ = {isa = PBXFileReference; lastKnownFileType = sourcecode.swift; path = SpacePeopleProtocol.swift; sourceTree = "<group>"; };
		BCF11CE8219E03B4004AFD5F /* AudioPlayerDelegate.swift */ = {isa = PBXFileReference; lastKnownFileType = sourcecode.swift; path = AudioPlayerDelegate.swift; sourceTree = "<group>"; };
		BCF11CEA219E03D7004AFD5F /* AudioTracksBuilder.swift */ = {isa = PBXFileReference; lastKnownFileType = sourcecode.swift; path = AudioTracksBuilder.swift; sourceTree = "<group>"; };
		BCF11CEE219E0728004AFD5F /* AudioPlayerInput.swift */ = {isa = PBXFileReference; lastKnownFileType = sourcecode.swift; path = AudioPlayerInput.swift; sourceTree = "<group>"; };
		BCF11CF0219E073C004AFD5F /* AudioPlayerOutput.swift */ = {isa = PBXFileReference; lastKnownFileType = sourcecode.swift; path = AudioPlayerOutput.swift; sourceTree = "<group>"; };
		BCF11CF3219EA91A004AFD5F /* SpaceManListInput.swift */ = {isa = PBXFileReference; lastKnownFileType = sourcecode.swift; path = SpaceManListInput.swift; sourceTree = "<group>"; };
		BCF11CF5219EA922004AFD5F /* SpaceManListOutput.swift */ = {isa = PBXFileReference; lastKnownFileType = sourcecode.swift; path = SpaceManListOutput.swift; sourceTree = "<group>"; };
		BCF6D4D421469F6900D39D69 /* Planet.swift */ = {isa = PBXFileReference; lastKnownFileType = sourcecode.swift; path = Planet.swift; sourceTree = "<group>"; };
		BCF6D4D62146AC7300D39D69 /* Ring.swift */ = {isa = PBXFileReference; lastKnownFileType = sourcecode.swift; path = Ring.swift; sourceTree = "<group>"; };
		BCF6D4D92146AED000D39D69 /* Sun.swift */ = {isa = PBXFileReference; lastKnownFileType = sourcecode.swift; path = Sun.swift; sourceTree = "<group>"; };
		BCF6D4DB2146AEE000D39D69 /* Mercury.swift */ = {isa = PBXFileReference; lastKnownFileType = sourcecode.swift; path = Mercury.swift; sourceTree = "<group>"; };
		BCF6D4DD2146AEE700D39D69 /* Venus.swift */ = {isa = PBXFileReference; lastKnownFileType = sourcecode.swift; path = Venus.swift; sourceTree = "<group>"; };
		BCF6D4DF2146AEEE00D39D69 /* Earth.swift */ = {isa = PBXFileReference; lastKnownFileType = sourcecode.swift; path = Earth.swift; sourceTree = "<group>"; };
		BCF6D4E12146AEF600D39D69 /* Moon.swift */ = {isa = PBXFileReference; lastKnownFileType = sourcecode.swift; path = Moon.swift; sourceTree = "<group>"; };
		BCF6D4E32146AEFE00D39D69 /* Mars.swift */ = {isa = PBXFileReference; lastKnownFileType = sourcecode.swift; path = Mars.swift; sourceTree = "<group>"; };
		BCF6D4E52146AF0500D39D69 /* Jupiter.swift */ = {isa = PBXFileReference; lastKnownFileType = sourcecode.swift; path = Jupiter.swift; sourceTree = "<group>"; };
		BCF6D4E72146AF0B00D39D69 /* Saturn.swift */ = {isa = PBXFileReference; lastKnownFileType = sourcecode.swift; path = Saturn.swift; sourceTree = "<group>"; };
		BCF6D4E92146AF1100D39D69 /* Uranus.swift */ = {isa = PBXFileReference; lastKnownFileType = sourcecode.swift; path = Uranus.swift; sourceTree = "<group>"; };
		BCF6D4EB2146AF1B00D39D69 /* Neptune.swift */ = {isa = PBXFileReference; lastKnownFileType = sourcecode.swift; path = Neptune.swift; sourceTree = "<group>"; };
		BCF6D4ED2146AF2300D39D69 /* Pluto.swift */ = {isa = PBXFileReference; lastKnownFileType = sourcecode.swift; path = Pluto.swift; sourceTree = "<group>"; };
		F7813CA5D822A53BF3912A76 /* Pods-AR Solar System.release.xcconfig */ = {isa = PBXFileReference; includeInIndex = 1; lastKnownFileType = text.xcconfig; name = "Pods-AR Solar System.release.xcconfig"; path = "Pods/Target Support Files/Pods-AR Solar System/Pods-AR Solar System.release.xcconfig"; sourceTree = "<group>"; };
/* End PBXFileReference section */

/* Begin PBXFrameworksBuildPhase section */
		BCA6ED3E21465D4B00CDFC18 /* Frameworks */ = {
			isa = PBXFrameworksBuildPhase;
			buildActionMask = 2147483647;
			files = (
				6467254294DF4D2F9271B831 /* Pods_AR_Solar_System.framework in Frameworks */,
			);
			runOnlyForDeploymentPostprocessing = 0;
		};
/* End PBXFrameworksBuildPhase section */

/* Begin PBXGroup section */
		01639CB9365839E1E204C78A /* Pods */ = {
			isa = PBXGroup;
			children = (
				0E4FC49E5633DAABD487A8FD /* Pods-AR Solar System.debug.xcconfig */,
				F7813CA5D822A53BF3912A76 /* Pods-AR Solar System.release.xcconfig */,
			);
			name = Pods;
			sourceTree = "<group>";
		};
		AA402951CAC2B5BE5835DED6 /* Frameworks */ = {
			isa = PBXGroup;
			children = (
				8B94694CF3363DC57FAAA955 /* Pods_AR_Solar_System.framework */,
			);
			name = Frameworks;
			sourceTree = "<group>";
		};
		BC0EADEF2148456100A84818 /* People In Space */ = {
			isa = PBXGroup;
			children = (
				BC0EADF12148459E00A84818 /* SpaceMan List */,
				BC0EADF02148457F00A84818 /* SpaceMan Details */,
			);
			path = "People In Space";
			sourceTree = "<group>";
		};
		BC0EADF02148457F00A84818 /* SpaceMan Details */ = {
			isa = PBXGroup;
			children = (
				BCB029672150433B00881901 /* SpaceManDetailsBuilder.swift */,
				BCB029692150434600881901 /* SpaceManDetailsInteractor.swift */,
				BCB0296B2150435500881901 /* SpaceManDetailsViewController.swift */,
				BC0EADF42148463100A84818 /* SpaceManDetailsViewController.storyboard */,
			);
			path = "SpaceMan Details";
			sourceTree = "<group>";
		};
		BC0EADF12148459E00A84818 /* SpaceMan List */ = {
			isa = PBXGroup;
			children = (
				BCCAEF2C2150322C0080C2FC /* Cells */,
				BC0EADF62148464F00A84818 /* SpaceManListBuilder.swift */,
				BCF11CF2219EA8FC004AFD5F /* Interactor */,
				BC0EADFA2148466600A84818 /* SpaceManListViewController.swift */,
				BC0EADF22148462400A84818 /* SpaceManListViewController.storyboard */,
			);
			path = "SpaceMan List";
			sourceTree = "<group>";
		};
		BC154ACE21B30378005725B8 /* Facts */ = {
			isa = PBXGroup;
			children = (
				BC154ACF21B30390005725B8 /* FactsRepository.swift */,
				BC154AD121B3039D005725B8 /* DefaultFactsRepository.swift */,
			);
			path = Facts;
			sourceTree = "<group>";
		};
		BC154AD321B30942005725B8 /* Planet Fact */ = {
			isa = PBXGroup;
			children = (
				BC154AD421B30962005725B8 /* PlanetFactBuilder.swift */,
				BC154AD621B30975005725B8 /* Interactor */,
				BCAD373E21B40849009E7AE6 /* Cells */,
				BC154ADD21B309DC005725B8 /* PlanetFactViewController.swift */,
				BC154ADF21B309E7005725B8 /* PlanetFactViewController.storyboard */,
			);
			path = "Planet Fact";
			sourceTree = "<group>";
		};
		BC154AD621B30975005725B8 /* Interactor */ = {
			isa = PBXGroup;
			children = (
				BC154AD721B3099C005725B8 /* PlanetFactInput.swift */,
				BC154AD921B309AC005725B8 /* PlanetFactOutput.swift */,
				BC154ADB21B309B8005725B8 /* PlanetFactInteractor.swift */,
			);
			path = Interactor;
			sourceTree = "<group>";
		};
		BC20531421AC6588003807FD /* Database */ = {
			isa = PBXGroup;
			children = (
				BC20531521AC65B9003807FD /* ContentBuilder */,
				BC20531621AC65C9003807FD /* Cache */,
				BC20531721AC65D2003807FD /* Repository */,
				BC20531821AC65DE003807FD /* Mocks */,
				BC20531921AC65E6003807FD /* Models */,
			);
			path = Database;
			sourceTree = "<group>";
		};
		BC20531521AC65B9003807FD /* ContentBuilder */ = {
			isa = PBXGroup;
			children = (
				BC20532921AC74B6003807FD /* ViewModelBuilder.swift */,
			);
			path = ContentBuilder;
			sourceTree = "<group>";
		};
		BC20531621AC65C9003807FD /* Cache */ = {
			isa = PBXGroup;
			children = (
				BC20531B21AC668A003807FD /* Decoder.swift */,
				BC20531A21AC6689003807FD /* ApplicationCache.swift */,
			);
			path = Cache;
			sourceTree = "<group>";
		};
		BC20531721AC65D2003807FD /* Repository */ = {
			isa = PBXGroup;
			children = (
				BC20531E21AC66E1003807FD /* Repository.swift */,
				BC20532221AC6749003807FD /* Navigation */,
				BC154ACE21B30378005725B8 /* Facts */,
			);
			path = Repository;
			sourceTree = "<group>";
		};
		BC20531821AC65DE003807FD /* Mocks */ = {
			isa = PBXGroup;
			children = (
				BC20532521AC6DDF003807FD /* navigation.json */,
				BC461F4B21B30086003A531B /* facts.json */,
			);
			path = Mocks;
			sourceTree = "<group>";
		};
		BC20531921AC65E6003807FD /* Models */ = {
			isa = PBXGroup;
			children = (
				BC20532721AC7037003807FD /* Navigation.swift */,
				BC154ACC21B302F7005725B8 /* PlanetFact.swift */,
			);
			path = Models;
			sourceTree = "<group>";
		};
		BC20532221AC6749003807FD /* Navigation */ = {
			isa = PBXGroup;
			children = (
				BC20532021AC672E003807FD /* NavigationRepository.swift */,
				BC20532321AC6778003807FD /* DefaultNavigationRepository.swift */,
			);
			path = Navigation;
			sourceTree = "<group>";
		};
		BC20532D21AC86B6003807FD /* PlanetCategory */ = {
			isa = PBXGroup;
			children = (
				BC20532B21AC868E003807FD /* PlanetCategoryBuilder.swift */,
				BC20532E21AC86C7003807FD /* PlanetCategory.swift */,
				BC5CD74F2147DC6E0048CCAF /* PlanetOption.swift */,
			);
			path = PlanetCategory;
			sourceTree = "<group>";
		};
		BC39A8DF2146712F0013D333 /* Extensions */ = {
			isa = PBXGroup;
			children = (
				BC39A8E0214671520013D333 /* SCNNodeExtensions.swift */,
				BCB0296D2150506A00881901 /* UIViewControllerExtensions.swift */,
				BCE383292152DEC100662D79 /* UserDefaults+AudioPlayerSettings.swift */,
			);
			path = Extensions;
			sourceTree = "<group>";
		};
		BC39A8E221469E400013D333 /* Models */ = {
			isa = PBXGroup;
			children = (
				BCF6D4D421469F6900D39D69 /* Planet.swift */,
				BCF6D4D62146AC7300D39D69 /* Ring.swift */,
				BC20532D21AC86B6003807FD /* PlanetCategory */,
				BCF6D4D82146AEBE00D39D69 /* Planets */,
				BC6807AF2157FE9F00923B15 /* Builders */,
			);
			path = Models;
			sourceTree = "<group>";
		};
		BC43276721A347B800D56149 /* Saturn */ = {
			isa = PBXGroup;
			children = (
				BC43276821A347C300D56149 /* Moons */,
				BCF6D4E72146AF0B00D39D69 /* Saturn.swift */,
			);
			path = Saturn;
			sourceTree = "<group>";
		};
		BC43276821A347C300D56149 /* Moons */ = {
			isa = PBXGroup;
			children = (
				BC43276921A347E100D56149 /* Dione.swift */,
				BC43276B21A347EA00D56149 /* Enceladus.swift */,
				BC43276D21A347F500D56149 /* Mimas.swift */,
				BC43276F21A3480000D56149 /* Rhea.swift */,
				BC43277121A3480E00D56149 /* Tethys.swift */,
			);
			path = Moons;
			sourceTree = "<group>";
		};
		BC43277721A34A4E00D56149 /* Interactor */ = {
			isa = PBXGroup;
			children = (
				BC43277821A34A6400D56149 /* SolarSystemInput.swift */,
				BC43277A21A34A6D00D56149 /* SolarSystemOutput.swift */,
				BC5CD74A2147C3760048CCAF /* SolarSystemInteractor.swift */,
			);
			path = Interactor;
			sourceTree = "<group>";
		};
		BC43277C21A354B100D56149 /* Uranus */ = {
			isa = PBXGroup;
			children = (
				BC43277D21A354B900D56149 /* Moons */,
				BCF6D4E92146AF1100D39D69 /* Uranus.swift */,
			);
			path = Uranus;
			sourceTree = "<group>";
		};
		BC43277D21A354B900D56149 /* Moons */ = {
			isa = PBXGroup;
			children = (
				BC43277E21A354EA00D56149 /* Ariel.swift */,
				BC43278021A354F400D56149 /* Miranda.swift */,
				BC43278221A354FD00D56149 /* Oberon.swift */,
				BC43278421A3550700D56149 /* Titania.swift */,
				BC43278621A3550F00D56149 /* Umbriel.swift */,
			);
			path = Moons;
			sourceTree = "<group>";
		};
		BC43278A21A35BC100D56149 /* Neptune */ = {
			isa = PBXGroup;
			children = (
				BC43278B21A35BCA00D56149 /* Moons */,
				BCF6D4EB2146AF1B00D39D69 /* Neptune.swift */,
			);
			path = Neptune;
			sourceTree = "<group>";
		};
		BC43278B21A35BCA00D56149 /* Moons */ = {
			isa = PBXGroup;
			children = (
				BC43278C21A35C6A00D56149 /* Triton.swift */,
			);
			path = Moons;
			sourceTree = "<group>";
		};
		BC43279021A35E9B00D56149 /* Pluto */ = {
			isa = PBXGroup;
			children = (
				BC43279121A35EA500D56149 /* Moons */,
				BCF6D4ED2146AF2300D39D69 /* Pluto.swift */,
			);
			path = Pluto;
			sourceTree = "<group>";
		};
		BC43279121A35EA500D56149 /* Moons */ = {
			isa = PBXGroup;
			children = (
				BC43279221A35EAF00D56149 /* Charon.swift */,
			);
			path = Moons;
			sourceTree = "<group>";
		};
		BC43279A21A368E900D56149 /* Planet Distance */ = {
			isa = PBXGroup;
			children = (
				BC43279B21A3691100D56149 /* PlanetDistanceBuilder.swift */,
				BC43279D21A3691D00D56149 /* Interactor */,
				BC4327A421A3695F00D56149 /* PlanetDistanceViewController.swift */,
				BC4327A821A37B2B00D56149 /* PlanetDistanceViewController.storyboard */,
			);
			path = "Planet Distance";
			sourceTree = "<group>";
		};
		BC43279D21A3691D00D56149 /* Interactor */ = {
			isa = PBXGroup;
			children = (
				BC43279E21A3692F00D56149 /* PlanetDistanceInput.swift */,
				BC4327A021A3693900D56149 /* PlanetDistanceOutput.swift */,
				BC4327A221A3694700D56149 /* PlanetDistanceInteractor.swift */,
			);
			path = Interactor;
			sourceTree = "<group>";
		};
		BC5CD7412147B65F0048CCAF /* Cells */ = {
			isa = PBXGroup;
			children = (
				BC43279821A3666900D56149 /* PlanetCellSizeGuide.swift */,
				BC5CD7422147B6BB0048CCAF /* PlanetCollectionViewCell.swift */,
				BC5CD7432147B6BB0048CCAF /* PlanetCollectionViewCell.xib */,
			);
			path = Cells;
			sourceTree = "<group>";
		};
		BC5CD752214805EB0048CCAF /* Networking */ = {
			isa = PBXGroup;
			children = (
				BC5CD758214807200048CCAF /* Request.swift */,
				BC5CD759214807200048CCAF /* ErrorType.swift */,
				BC5CD753214806080048CCAF /* Models */,
				BC5CD75E214807D30048CCAF /* SpacePeople */,
			);
			path = Networking;
			sourceTree = "<group>";
		};
		BC5CD753214806080048CCAF /* Models */ = {
			isa = PBXGroup;
			children = (
				BC5CD754214806320048CCAF /* PeopleInSpaceRightNow.swift */,
				BC5CD756214806560048CCAF /* SpaceMan.swift */,
			);
			path = Models;
			sourceTree = "<group>";
		};
		BC5CD75E214807D30048CCAF /* SpacePeople */ = {
			isa = PBXGroup;
			children = (
				BCF11CE6219DFF21004AFD5F /* SpacePeopleProtocol.swift */,
				BC5CD75F214807F60048CCAF /* SpacePeopleService.swift */,
			);
			path = SpacePeople;
			sourceTree = "<group>";
		};
		BC6807AF2157FE9F00923B15 /* Builders */ = {
			isa = PBXGroup;
			children = (
				BC6807B02157FEB600923B15 /* PlanetBuilder.swift */,
				BC6807B22157FEDC00923B15 /* MercuryBuilder.swift */,
				BC6807B421580FD000923B15 /* VenusBuilder.swift */,
				BC6807B62158108C00923B15 /* EarthAndMoonBuilder.swift */,
				BC6807B8215816AD00923B15 /* SolarSystemPlanetBuilder.swift */,
				BC6807BA2158192E00923B15 /* MarsBuilder.swift */,
				BC6807BC21581D8100923B15 /* JupiterAndMoonsBuilder.swift */,
				BC43277521A3489200D56149 /* SaturnAndMoonsBuilder.swift */,
				BC43278821A3568900D56149 /* UranusAndMoonsBuilder.swift */,
				BC43278E21A35CAD00D56149 /* NeptuneAndMoonsBuilder.swift */,
				BC43279421A35F0000D56149 /* PlutoAndMoonsBuilder.swift */,
			);
			path = Builders;
			sourceTree = "<group>";
		};
		BC6807BE2158262000923B15 /* Jupiter */ = {
			isa = PBXGroup;
			children = (
				BC6807BF2158262E00923B15 /* Moons */,
				BCF6D4E52146AF0500D39D69 /* Jupiter.swift */,
			);
			path = Jupiter;
			sourceTree = "<group>";
		};
		BC6807BF2158262E00923B15 /* Moons */ = {
			isa = PBXGroup;
			children = (
				BC6807C62158269500923B15 /* IoMoon.swift */,
				BC6807C02158266F00923B15 /* EuropaMoon.swift */,
				BC6807C22158268000923B15 /* GenymedeMoon.swift */,
				BC6807C42158268800923B15 /* CalistoMoon.swift */,
			);
			path = Moons;
			sourceTree = "<group>";
		};
		BC7A8FFC21B43E6B0085F09F /* Services */ = {
			isa = PBXGroup;
			children = (
				BC7A8FFD21B43E750085F09F /* LivePhotoRecorder */,
			);
			path = Services;
			sourceTree = "<group>";
		};
		BC7A8FFD21B43E750085F09F /* LivePhotoRecorder */ = {
			isa = PBXGroup;
			children = (
				BC7A8FFE21B43E8A0085F09F /* LivePhotoRecorder.swift */,
				BC7A900021B43F220085F09F /* DefaultLivePhotoRecorder.swift */,
			);
			path = LivePhotoRecorder;
			sourceTree = "<group>";
		};
		BCA10BE9214664650049F72C /* Utilities */ = {
			isa = PBXGroup;
			children = (
				BCA10BE7214664610049F72C /* Alert.swift */,
				BC5CD7462147C3070048CCAF /* StoryboardInstantiable.swift */,
				BC5CD75C214807C00048CCAF /* Utils.swift */,
				BCB029652150396B00881901 /* ImageDownloader.swift */,
				BCE3832B2152E58F00662D79 /* FirstLaunch.swift */,
			);
			path = Utilities;
			sourceTree = "<group>";
		};
		BCA10BEA2146658E0049F72C /* Modules */ = {
			isa = PBXGroup;
			children = (
				BCA10BEB214665990049F72C /* Solar System */,
				BC43279A21A368E900D56149 /* Planet Distance */,
				BC154AD321B30942005725B8 /* Planet Fact */,
				BC0EADEF2148456100A84818 /* People In Space */,
				BCE383202152CC8F00662D79 /* Space Player */,
			);
			path = Modules;
			sourceTree = "<group>";
		};
		BCA10BEB214665990049F72C /* Solar System */ = {
			isa = PBXGroup;
			children = (
				BC5CD7482147C33C0048CCAF /* SolarSystemBuilder.swift */,
				BC43277721A34A4E00D56149 /* Interactor */,
				BC5CD7412147B65F0048CCAF /* Cells */,
				BCA6ED4821465D4B00CDFC18 /* SolarSystemViewController.swift */,
				BC43279621A3660700D56149 /* SolarSystemViewController+CollectionView.swift */,
				BCAD374321B43200009E7AE6 /* SolarSystemViewController+Actions.swift */,
				BC5CD74C2147C4AA0048CCAF /* SolarSystemViewController.storyboard */,
			);
			path = "Solar System";
			sourceTree = "<group>";
		};
		BCA6ED3821465D4B00CDFC18 = {
			isa = PBXGroup;
			children = (
				BCA6ED4321465D4B00CDFC18 /* AR Solar System */,
				BCA6ED4221465D4B00CDFC18 /* Products */,
				01639CB9365839E1E204C78A /* Pods */,
				AA402951CAC2B5BE5835DED6 /* Frameworks */,
			);
			sourceTree = "<group>";
		};
		BCA6ED4221465D4B00CDFC18 /* Products */ = {
			isa = PBXGroup;
			children = (
				BCA6ED4121465D4B00CDFC18 /* AR Solar System.app */,
			);
			name = Products;
			sourceTree = "<group>";
		};
		BCA6ED4321465D4B00CDFC18 /* AR Solar System */ = {
			isa = PBXGroup;
			children = (
				BCF11CE1219DFC07004AFD5F /* Application */,
				BC39A8DF2146712F0013D333 /* Extensions */,
				BCA10BE9214664650049F72C /* Utilities */,
				BC20531421AC6588003807FD /* Database */,
				BC7A8FFC21B43E6B0085F09F /* Services */,
				BC5CD752214805EB0048CCAF /* Networking */,
				BC39A8E221469E400013D333 /* Models */,
				BCA10BEA2146658E0049F72C /* Modules */,
				BCE383332152EA2A00662D79 /* Resources */,
				BCA6ED4621465D4B00CDFC18 /* art.scnassets */,
				BCA6ED4D21465D4C00CDFC18 /* Assets.xcassets */,
				BCA6ED4F21465D4C00CDFC18 /* LaunchScreen.storyboard */,
				BCA6ED5221465D4C00CDFC18 /* Info.plist */,
			);
			path = "AR Solar System";
			sourceTree = "<group>";
		};
		BCAD373E21B40849009E7AE6 /* Cells */ = {
			isa = PBXGroup;
			children = (
				BCAD373F21B408E4009E7AE6 /* FactTableViewCell.swift */,
				BCAD374021B408E4009E7AE6 /* FactTableViewCell.xib */,
			);
			path = Cells;
			sourceTree = "<group>";
		};
		BCCAEF2C2150322C0080C2FC /* Cells */ = {
			isa = PBXGroup;
			children = (
				BCCAEF2D2150324A0080C2FC /* CosmonautTableViewCell.swift */,
				BCCAEF2E2150324A0080C2FC /* CosmonautTableViewCell.xib */,
			);
			path = Cells;
			sourceTree = "<group>";
		};
		BCE383202152CC8F00662D79 /* Space Player */ = {
			isa = PBXGroup;
			children = (
				BCE3832D2152E7E100662D79 /* Player */,
				BCE383212152CD2700662D79 /* AudioPlayerBuilder.swift */,
				BCF11CED219E0711004AFD5F /* Interactor */,
				BCE383252152CD4E00662D79 /* AudioPlayerViewController.swift */,
				BCE383272152CD6D00662D79 /* AudioPlayerViewController.storyboard */,
			);
			path = "Space Player";
			sourceTree = "<group>";
		};
		BCE3832D2152E7E100662D79 /* Player */ = {
			isa = PBXGroup;
			children = (
				BCE3832E2152E7F200662D79 /* Model */,
				BCF11CEC219E0433004AFD5F /* Builder */,
				BCF11CE8219E03B4004AFD5F /* AudioPlayerDelegate.swift */,
				BC6807AD2157DB5100923B15 /* AudioPlayer.swift */,
			);
			path = Player;
			sourceTree = "<group>";
		};
		BCE3832E2152E7F200662D79 /* Model */ = {
			isa = PBXGroup;
			children = (
				BCE3832F2152E7FF00662D79 /* AudioTrack.swift */,
			);
			path = Model;
			sourceTree = "<group>";
		};
		BCE383332152EA2A00662D79 /* Resources */ = {
			isa = PBXGroup;
			children = (
				BCE383342152EA4000662D79 /* Tracks */,
			);
			path = Resources;
			sourceTree = "<group>";
		};
		BCE383342152EA4000662D79 /* Tracks */ = {
			isa = PBXGroup;
			children = (
				BCE383362152EB3700662D79 /* Floating Drone - Teddy Bergström.mp3 */,
				BCE383372152EB3700662D79 /* Lonely Space Rhodes - Jonas Elander.mp3 */,
				BCE383352152EB3600662D79 /* The Cosmos - Johannes Bornlöf.mp3 */,
			);
			path = Tracks;
			sourceTree = "<group>";
		};
		BCF11CE0219DFBFF004AFD5F /* Common */ = {
			isa = PBXGroup;
			children = (
				BCF11CE2219DFC2B004AFD5F /* AppConfigurable.swift */,
				BCF11CE4219DFC58004AFD5F /* DefaultAppConfigurator.swift */,
			);
			path = Common;
			sourceTree = "<group>";
		};
		BCF11CE1219DFC07004AFD5F /* Application */ = {
			isa = PBXGroup;
			children = (
				BCA6ED4421465D4B00CDFC18 /* AppDelegate.swift */,
				BCF11CE0219DFBFF004AFD5F /* Common */,
			);
			path = Application;
			sourceTree = "<group>";
		};
		BCF11CEC219E0433004AFD5F /* Builder */ = {
			isa = PBXGroup;
			children = (
				BCE383312152E8CB00662D79 /* TracksBuilder.swift */,
				BCF11CEA219E03D7004AFD5F /* AudioTracksBuilder.swift */,
			);
			path = Builder;
			sourceTree = "<group>";
		};
		BCF11CED219E0711004AFD5F /* Interactor */ = {
			isa = PBXGroup;
			children = (
				BCF11CEE219E0728004AFD5F /* AudioPlayerInput.swift */,
				BCF11CF0219E073C004AFD5F /* AudioPlayerOutput.swift */,
				BCE383232152CD3600662D79 /* AudioPlayerInteractor.swift */,
			);
			path = Interactor;
			sourceTree = "<group>";
		};
		BCF11CF2219EA8FC004AFD5F /* Interactor */ = {
			isa = PBXGroup;
			children = (
				BCF11CF3219EA91A004AFD5F /* SpaceManListInput.swift */,
				BCF11CF5219EA922004AFD5F /* SpaceManListOutput.swift */,
				BC0EADF82148465900A84818 /* SpaceManListInteractor.swift */,
			);
			path = Interactor;
			sourceTree = "<group>";
		};
		BCF6D4D82146AEBE00D39D69 /* Planets */ = {
			isa = PBXGroup;
			children = (
				BCF6D4D92146AED000D39D69 /* Sun.swift */,
				BCF6D4DB2146AEE000D39D69 /* Mercury.swift */,
				BCF6D4DD2146AEE700D39D69 /* Venus.swift */,
				BCF6D4DF2146AEEE00D39D69 /* Earth.swift */,
				BCF6D4E12146AEF600D39D69 /* Moon.swift */,
				BCF6D4E32146AEFE00D39D69 /* Mars.swift */,
				BC6807BE2158262000923B15 /* Jupiter */,
				BC43276721A347B800D56149 /* Saturn */,
				BC43277C21A354B100D56149 /* Uranus */,
				BC43278A21A35BC100D56149 /* Neptune */,
				BC43279021A35E9B00D56149 /* Pluto */,
			);
			path = Planets;
			sourceTree = "<group>";
		};
/* End PBXGroup section */

/* Begin PBXNativeTarget section */
		BCA6ED4021465D4B00CDFC18 /* AR Solar System */ = {
			isa = PBXNativeTarget;
			buildConfigurationList = BCA6ED5521465D4C00CDFC18 /* Build configuration list for PBXNativeTarget "AR Solar System" */;
			buildPhases = (
				2E4B210019A3675CE40EB7F7 /* [CP] Check Pods Manifest.lock */,
				BCA6ED3D21465D4B00CDFC18 /* Sources */,
				BCA6ED3E21465D4B00CDFC18 /* Frameworks */,
				BCA6ED3F21465D4B00CDFC18 /* Resources */,
				2545F773BD5B3022D8668B96 /* [CP] Embed Pods Frameworks */,
				BC5CD7512148036D0048CCAF /* Run Script - SwiftLint */,
			);
			buildRules = (
			);
			dependencies = (
			);
			name = "AR Solar System";
			productName = "AR Solar System";
			productReference = BCA6ED4121465D4B00CDFC18 /* AR Solar System.app */;
			productType = "com.apple.product-type.application";
		};
/* End PBXNativeTarget section */

/* Begin PBXProject section */
		BCA6ED3921465D4B00CDFC18 /* Project object */ = {
			isa = PBXProject;
			attributes = {
				LastSwiftUpdateCheck = 0940;
				LastUpgradeCheck = 0940;
				ORGANIZATIONNAME = "Alexandr Pavlov";
				TargetAttributes = {
					BCA6ED4021465D4B00CDFC18 = {
						CreatedOnToolsVersion = 9.4.1;
						LastSwiftMigration = 1000;
					};
				};
			};
			buildConfigurationList = BCA6ED3C21465D4B00CDFC18 /* Build configuration list for PBXProject "AR Solar System" */;
			compatibilityVersion = "Xcode 9.3";
			developmentRegion = en;
			hasScannedForEncodings = 0;
			knownRegions = (
				en,
				Base,
			);
			mainGroup = BCA6ED3821465D4B00CDFC18;
			productRefGroup = BCA6ED4221465D4B00CDFC18 /* Products */;
			projectDirPath = "";
			projectRoot = "";
			targets = (
				BCA6ED4021465D4B00CDFC18 /* AR Solar System */,
			);
		};
/* End PBXProject section */

/* Begin PBXResourcesBuildPhase section */
		BCA6ED3F21465D4B00CDFC18 /* Resources */ = {
			isa = PBXResourcesBuildPhase;
			buildActionMask = 2147483647;
			files = (
				BCE3833A2152EB3700662D79 /* Lonely Space Rhodes - Jonas Elander.mp3 in Resources */,
				BC5CD74D2147C4AA0048CCAF /* SolarSystemViewController.storyboard in Resources */,
				BC5CD7452147B6BB0048CCAF /* PlanetCollectionViewCell.xib in Resources */,
				BC154AE021B309E7005725B8 /* PlanetFactViewController.storyboard in Resources */,
				BCE383392152EB3700662D79 /* Floating Drone - Teddy Bergström.mp3 in Resources */,
				BCE383382152EB3700662D79 /* The Cosmos - Johannes Bornlöf.mp3 in Resources */,
				BCA6ED4721465D4B00CDFC18 /* art.scnassets in Resources */,
				BC0EADF32148462400A84818 /* SpaceManListViewController.storyboard in Resources */,
				BC0EADF52148463100A84818 /* SpaceManDetailsViewController.storyboard in Resources */,
				BCE383282152CD6D00662D79 /* AudioPlayerViewController.storyboard in Resources */,
				BCA6ED5121465D4C00CDFC18 /* LaunchScreen.storyboard in Resources */,
				BCA6ED4E21465D4C00CDFC18 /* Assets.xcassets in Resources */,
				BCCAEF302150324A0080C2FC /* CosmonautTableViewCell.xib in Resources */,
				BCAD374221B408E4009E7AE6 /* FactTableViewCell.xib in Resources */,
				BC4327A921A37B2B00D56149 /* PlanetDistanceViewController.storyboard in Resources */,
				BC461F4C21B30086003A531B /* facts.json in Resources */,
				BC20532621AC6DDF003807FD /* navigation.json in Resources */,
			);
			runOnlyForDeploymentPostprocessing = 0;
		};
/* End PBXResourcesBuildPhase section */

/* Begin PBXShellScriptBuildPhase section */
		2545F773BD5B3022D8668B96 /* [CP] Embed Pods Frameworks */ = {
			isa = PBXShellScriptBuildPhase;
			buildActionMask = 2147483647;
			files = (
			);
			inputPaths = (
				"${PODS_ROOT}/Target Support Files/Pods-AR Solar System/Pods-AR Solar System-frameworks.sh",
				"${BUILT_PRODUCTS_DIR}/ARVideoKit/ARVideoKit.framework",
				"${BUILT_PRODUCTS_DIR}/Alamofire/Alamofire.framework",
				"${BUILT_PRODUCTS_DIR}/Kingfisher/Kingfisher.framework",
				"${BUILT_PRODUCTS_DIR}/Reusable/Reusable.framework",
				"${BUILT_PRODUCTS_DIR}/Toast-Swift/Toast_Swift.framework",
			);
			name = "[CP] Embed Pods Frameworks";
			outputPaths = (
				"${TARGET_BUILD_DIR}/${FRAMEWORKS_FOLDER_PATH}/ARVideoKit.framework",
				"${TARGET_BUILD_DIR}/${FRAMEWORKS_FOLDER_PATH}/Alamofire.framework",
				"${TARGET_BUILD_DIR}/${FRAMEWORKS_FOLDER_PATH}/Kingfisher.framework",
				"${TARGET_BUILD_DIR}/${FRAMEWORKS_FOLDER_PATH}/Reusable.framework",
				"${TARGET_BUILD_DIR}/${FRAMEWORKS_FOLDER_PATH}/Toast_Swift.framework",
			);
			runOnlyForDeploymentPostprocessing = 0;
			shellPath = /bin/sh;
			shellScript = "\"${PODS_ROOT}/Target Support Files/Pods-AR Solar System/Pods-AR Solar System-frameworks.sh\"\n";
			showEnvVarsInLog = 0;
		};
		2E4B210019A3675CE40EB7F7 /* [CP] Check Pods Manifest.lock */ = {
			isa = PBXShellScriptBuildPhase;
			buildActionMask = 2147483647;
			files = (
			);
			inputPaths = (
				"${PODS_PODFILE_DIR_PATH}/Podfile.lock",
				"${PODS_ROOT}/Manifest.lock",
			);
			name = "[CP] Check Pods Manifest.lock";
			outputPaths = (
				"$(DERIVED_FILE_DIR)/Pods-AR Solar System-checkManifestLockResult.txt",
			);
			runOnlyForDeploymentPostprocessing = 0;
			shellPath = /bin/sh;
			shellScript = "diff \"${PODS_PODFILE_DIR_PATH}/Podfile.lock\" \"${PODS_ROOT}/Manifest.lock\" > /dev/null\nif [ $? != 0 ] ; then\n    # print error to STDERR\n    echo \"error: The sandbox is not in sync with the Podfile.lock. Run 'pod install' or update your CocoaPods installation.\" >&2\n    exit 1\nfi\n# This output is used by Xcode 'outputs' to avoid re-running this script phase.\necho \"SUCCESS\" > \"${SCRIPT_OUTPUT_FILE_0}\"\n";
			showEnvVarsInLog = 0;
		};
		BC5CD7512148036D0048CCAF /* Run Script - SwiftLint */ = {
			isa = PBXShellScriptBuildPhase;
			buildActionMask = 2147483647;
			files = (
			);
			inputPaths = (
			);
			name = "Run Script - SwiftLint";
			outputPaths = (
			);
			runOnlyForDeploymentPostprocessing = 0;
			shellPath = /bin/sh;
			shellScript = "\"${PODS_ROOT}/SwiftLint/swiftlint\"\n";
		};
/* End PBXShellScriptBuildPhase section */

/* Begin PBXSourcesBuildPhase section */
		BCA6ED3D21465D4B00CDFC18 /* Sources */ = {
			isa = PBXSourcesBuildPhase;
			buildActionMask = 2147483647;
			files = (
				BCF6D4E82146AF0B00D39D69 /* Saturn.swift in Sources */,
				BC43278521A3550700D56149 /* Titania.swift in Sources */,
				BC43277F21A354EA00D56149 /* Ariel.swift in Sources */,
				BCAD374121B408E4009E7AE6 /* FactTableViewCell.swift in Sources */,
				BCE383222152CD2700662D79 /* AudioPlayerBuilder.swift in Sources */,
				BC43278721A3550F00D56149 /* Umbriel.swift in Sources */,
				BCF11CE9219E03B4004AFD5F /* AudioPlayerDelegate.swift in Sources */,
				BC43278321A354FD00D56149 /* Oberon.swift in Sources */,
				BC6807AE2157DB5100923B15 /* AudioPlayer.swift in Sources */,
				BC39A8E1214671520013D333 /* SCNNodeExtensions.swift in Sources */,
				BC5CD75D214807C00048CCAF /* Utils.swift in Sources */,
				BCF6D4D72146AC7300D39D69 /* Ring.swift in Sources */,
				BCAD374421B43200009E7AE6 /* SolarSystemViewController+Actions.swift in Sources */,
				BC43277921A34A6400D56149 /* SolarSystemInput.swift in Sources */,
				BC43279721A3660700D56149 /* SolarSystemViewController+CollectionView.swift in Sources */,
				BC20532C21AC868E003807FD /* PlanetCategoryBuilder.swift in Sources */,
				BC43278F21A35CAD00D56149 /* NeptuneAndMoonsBuilder.swift in Sources */,
				BC20531D21AC668A003807FD /* Decoder.swift in Sources */,
				BC6807BD21581D8100923B15 /* JupiterAndMoonsBuilder.swift in Sources */,
				BC154AD521B30962005725B8 /* PlanetFactBuilder.swift in Sources */,
				BCE383262152CD4E00662D79 /* AudioPlayerViewController.swift in Sources */,
				BC20532821AC7037003807FD /* Navigation.swift in Sources */,
				BCF6D4E22146AEF600D39D69 /* Moon.swift in Sources */,
				BCB0296E2150506A00881901 /* UIViewControllerExtensions.swift in Sources */,
				BC5CD7492147C33C0048CCAF /* SolarSystemBuilder.swift in Sources */,
				BC20532421AC6778003807FD /* DefaultNavigationRepository.swift in Sources */,
				BC154ADC21B309B8005725B8 /* PlanetFactInteractor.swift in Sources */,
				BCF6D4E02146AEEE00D39D69 /* Earth.swift in Sources */,
				BC43276A21A347E100D56149 /* Dione.swift in Sources */,
				BC154ADA21B309AC005725B8 /* PlanetFactOutput.swift in Sources */,
				BC43276C21A347EA00D56149 /* Enceladus.swift in Sources */,
				BC0EADF72148464F00A84818 /* SpaceManListBuilder.swift in Sources */,
				BC5CD755214806320048CCAF /* PeopleInSpaceRightNow.swift in Sources */,
				BCF6D4E62146AF0500D39D69 /* Jupiter.swift in Sources */,
				BC6807C32158268000923B15 /* GenymedeMoon.swift in Sources */,
				BC43277621A3489200D56149 /* SaturnAndMoonsBuilder.swift in Sources */,
				BC6807B9215816AD00923B15 /* SolarSystemPlanetBuilder.swift in Sources */,
				BC5CD757214806560048CCAF /* SpaceMan.swift in Sources */,
				BC6807BB2158192E00923B15 /* MarsBuilder.swift in Sources */,
				BCF11CF1219E073C004AFD5F /* AudioPlayerOutput.swift in Sources */,
				BC7A8FFF21B43E8A0085F09F /* LivePhotoRecorder.swift in Sources */,
				BC154AD021B30390005725B8 /* FactsRepository.swift in Sources */,
				BC0EADFB2148466600A84818 /* SpaceManListViewController.swift in Sources */,
				BCE3832C2152E58F00662D79 /* FirstLaunch.swift in Sources */,
				BCE383242152CD3600662D79 /* AudioPlayerInteractor.swift in Sources */,
				BCF6D4EA2146AF1100D39D69 /* Uranus.swift in Sources */,
				BCF11CE7219DFF21004AFD5F /* SpacePeopleProtocol.swift in Sources */,
				BC43277B21A34A6D00D56149 /* SolarSystemOutput.swift in Sources */,
				BC4327A321A3694700D56149 /* PlanetDistanceInteractor.swift in Sources */,
				BC43279921A3666900D56149 /* PlanetCellSizeGuide.swift in Sources */,
				BCF6D4EC2146AF1B00D39D69 /* Neptune.swift in Sources */,
				BCB029682150433B00881901 /* SpaceManDetailsBuilder.swift in Sources */,
				BC6807B521580FD000923B15 /* VenusBuilder.swift in Sources */,
				BC5CD7472147C3070048CCAF /* StoryboardInstantiable.swift in Sources */,
				BC6807C72158269500923B15 /* IoMoon.swift in Sources */,
				BC6807C12158266F00923B15 /* EuropaMoon.swift in Sources */,
				BC20532F21AC86C7003807FD /* PlanetCategory.swift in Sources */,
				BCF11CEB219E03D7004AFD5F /* AudioTracksBuilder.swift in Sources */,
				BC4327A121A3693900D56149 /* PlanetDistanceOutput.swift in Sources */,
				BC5CD75A214807200048CCAF /* Request.swift in Sources */,
				BC43279F21A3692F00D56149 /* PlanetDistanceInput.swift in Sources */,
				BC5CD760214807F60048CCAF /* SpacePeopleService.swift in Sources */,
				BC43276E21A347F500D56149 /* Mimas.swift in Sources */,
				BC43278D21A35C6A00D56149 /* Triton.swift in Sources */,
				BC5CD7442147B6BB0048CCAF /* PlanetCollectionViewCell.swift in Sources */,
				BC43277021A3480000D56149 /* Rhea.swift in Sources */,
				BCF11CE3219DFC2B004AFD5F /* AppConfigurable.swift in Sources */,
				BC5CD75B214807200048CCAF /* ErrorType.swift in Sources */,
				BCF11CF4219EA91A004AFD5F /* SpaceManListInput.swift in Sources */,
				BCE383322152E8CB00662D79 /* TracksBuilder.swift in Sources */,
				BCCAEF2F2150324A0080C2FC /* CosmonautTableViewCell.swift in Sources */,
				BC154AD821B3099C005725B8 /* PlanetFactInput.swift in Sources */,
				BC4327A521A3695F00D56149 /* PlanetDistanceViewController.swift in Sources */,
				BC7A900121B43F220085F09F /* DefaultLivePhotoRecorder.swift in Sources */,
				BCF6D4DA2146AED000D39D69 /* Sun.swift in Sources */,
				BC20532A21AC74B6003807FD /* ViewModelBuilder.swift in Sources */,
				BC20531F21AC66E1003807FD /* Repository.swift in Sources */,
				BC43279521A35F0000D56149 /* PlutoAndMoonsBuilder.swift in Sources */,
				BCB0296A2150434600881901 /* SpaceManDetailsInteractor.swift in Sources */,
				BC20532121AC672E003807FD /* NavigationRepository.swift in Sources */,
				BCE383302152E7FF00662D79 /* AudioTrack.swift in Sources */,
				BCB0296C2150435500881901 /* SpaceManDetailsViewController.swift in Sources */,
				BCA10BE8214664620049F72C /* Alert.swift in Sources */,
				BC20531C21AC668A003807FD /* ApplicationCache.swift in Sources */,
				BCA6ED4921465D4B00CDFC18 /* SolarSystemViewController.swift in Sources */,
				BC43278921A3568900D56149 /* UranusAndMoonsBuilder.swift in Sources */,
				BCA6ED4521465D4B00CDFC18 /* AppDelegate.swift in Sources */,
				BCF11CEF219E0728004AFD5F /* AudioPlayerInput.swift in Sources */,
				BC6807B32157FEDC00923B15 /* MercuryBuilder.swift in Sources */,
				BCF11CE5219DFC58004AFD5F /* DefaultAppConfigurator.swift in Sources */,
				BC6807B12157FEB600923B15 /* PlanetBuilder.swift in Sources */,
				BCF6D4E42146AEFE00D39D69 /* Mars.swift in Sources */,
				BC6807B72158108C00923B15 /* EarthAndMoonBuilder.swift in Sources */,
				BCF6D4D521469F6900D39D69 /* Planet.swift in Sources */,
				BCF11CF6219EA922004AFD5F /* SpaceManListOutput.swift in Sources */,
				BCF6D4DE2146AEE700D39D69 /* Venus.swift in Sources */,
				BC154ACD21B302F7005725B8 /* PlanetFact.swift in Sources */,
				BCF6D4EE2146AF2300D39D69 /* Pluto.swift in Sources */,
				BC6807C52158268800923B15 /* CalistoMoon.swift in Sources */,
				BC43278121A354F400D56149 /* Miranda.swift in Sources */,
				BCB029662150396B00881901 /* ImageDownloader.swift in Sources */,
				BC0EADF92148465900A84818 /* SpaceManListInteractor.swift in Sources */,
				BCE3832A2152DEC100662D79 /* UserDefaults+AudioPlayerSettings.swift in Sources */,
				BC5CD74B2147C3760048CCAF /* SolarSystemInteractor.swift in Sources */,
				BC43279321A35EAF00D56149 /* Charon.swift in Sources */,
				BC154AD221B3039D005725B8 /* DefaultFactsRepository.swift in Sources */,
				BC43279C21A3691100D56149 /* PlanetDistanceBuilder.swift in Sources */,
				BC154ADE21B309DC005725B8 /* PlanetFactViewController.swift in Sources */,
				BC5CD7502147DC6E0048CCAF /* PlanetOption.swift in Sources */,
				BC43277221A3480E00D56149 /* Tethys.swift in Sources */,
				BCF6D4DC2146AEE000D39D69 /* Mercury.swift in Sources */,
			);
			runOnlyForDeploymentPostprocessing = 0;
		};
/* End PBXSourcesBuildPhase section */

/* Begin PBXVariantGroup section */
		BCA6ED4F21465D4C00CDFC18 /* LaunchScreen.storyboard */ = {
			isa = PBXVariantGroup;
			children = (
				BCA6ED5021465D4C00CDFC18 /* Base */,
			);
			name = LaunchScreen.storyboard;
			sourceTree = "<group>";
		};
/* End PBXVariantGroup section */

/* Begin XCBuildConfiguration section */
		BCA6ED5321465D4C00CDFC18 /* Debug */ = {
			isa = XCBuildConfiguration;
			buildSettings = {
				ALWAYS_SEARCH_USER_PATHS = NO;
				CLANG_ANALYZER_NONNULL = YES;
				CLANG_ANALYZER_NUMBER_OBJECT_CONVERSION = YES_AGGRESSIVE;
				CLANG_CXX_LANGUAGE_STANDARD = "gnu++14";
				CLANG_CXX_LIBRARY = "libc++";
				CLANG_ENABLE_MODULES = YES;
				CLANG_ENABLE_OBJC_ARC = YES;
				CLANG_ENABLE_OBJC_WEAK = YES;
				CLANG_WARN_BLOCK_CAPTURE_AUTORELEASING = YES;
				CLANG_WARN_BOOL_CONVERSION = YES;
				CLANG_WARN_COMMA = YES;
				CLANG_WARN_CONSTANT_CONVERSION = YES;
				CLANG_WARN_DEPRECATED_OBJC_IMPLEMENTATIONS = YES;
				CLANG_WARN_DIRECT_OBJC_ISA_USAGE = YES_ERROR;
				CLANG_WARN_DOCUMENTATION_COMMENTS = YES;
				CLANG_WARN_EMPTY_BODY = YES;
				CLANG_WARN_ENUM_CONVERSION = YES;
				CLANG_WARN_INFINITE_RECURSION = YES;
				CLANG_WARN_INT_CONVERSION = YES;
				CLANG_WARN_NON_LITERAL_NULL_CONVERSION = YES;
				CLANG_WARN_OBJC_IMPLICIT_RETAIN_SELF = YES;
				CLANG_WARN_OBJC_LITERAL_CONVERSION = YES;
				CLANG_WARN_OBJC_ROOT_CLASS = YES_ERROR;
				CLANG_WARN_RANGE_LOOP_ANALYSIS = YES;
				CLANG_WARN_STRICT_PROTOTYPES = YES;
				CLANG_WARN_SUSPICIOUS_MOVE = YES;
				CLANG_WARN_UNGUARDED_AVAILABILITY = YES_AGGRESSIVE;
				CLANG_WARN_UNREACHABLE_CODE = YES;
				CLANG_WARN__DUPLICATE_METHOD_MATCH = YES;
				CODE_SIGN_IDENTITY = "iPhone Developer";
				COPY_PHASE_STRIP = NO;
				DEBUG_INFORMATION_FORMAT = dwarf;
				ENABLE_STRICT_OBJC_MSGSEND = YES;
				ENABLE_TESTABILITY = YES;
				GCC_C_LANGUAGE_STANDARD = gnu11;
				GCC_DYNAMIC_NO_PIC = NO;
				GCC_NO_COMMON_BLOCKS = YES;
				GCC_OPTIMIZATION_LEVEL = 0;
				GCC_PREPROCESSOR_DEFINITIONS = (
					"DEBUG=1",
					"$(inherited)",
				);
				GCC_WARN_64_TO_32_BIT_CONVERSION = YES;
				GCC_WARN_ABOUT_RETURN_TYPE = YES_ERROR;
				GCC_WARN_UNDECLARED_SELECTOR = YES;
				GCC_WARN_UNINITIALIZED_AUTOS = YES_AGGRESSIVE;
				GCC_WARN_UNUSED_FUNCTION = YES;
				GCC_WARN_UNUSED_VARIABLE = YES;
				IPHONEOS_DEPLOYMENT_TARGET = 11.4;
				MTL_ENABLE_DEBUG_INFO = YES;
				ONLY_ACTIVE_ARCH = YES;
				SDKROOT = iphoneos;
				SWIFT_ACTIVE_COMPILATION_CONDITIONS = DEBUG;
				SWIFT_OPTIMIZATION_LEVEL = "-Onone";
			};
			name = Debug;
		};
		BCA6ED5421465D4C00CDFC18 /* Release */ = {
			isa = XCBuildConfiguration;
			buildSettings = {
				ALWAYS_SEARCH_USER_PATHS = NO;
				CLANG_ANALYZER_NONNULL = YES;
				CLANG_ANALYZER_NUMBER_OBJECT_CONVERSION = YES_AGGRESSIVE;
				CLANG_CXX_LANGUAGE_STANDARD = "gnu++14";
				CLANG_CXX_LIBRARY = "libc++";
				CLANG_ENABLE_MODULES = YES;
				CLANG_ENABLE_OBJC_ARC = YES;
				CLANG_ENABLE_OBJC_WEAK = YES;
				CLANG_WARN_BLOCK_CAPTURE_AUTORELEASING = YES;
				CLANG_WARN_BOOL_CONVERSION = YES;
				CLANG_WARN_COMMA = YES;
				CLANG_WARN_CONSTANT_CONVERSION = YES;
				CLANG_WARN_DEPRECATED_OBJC_IMPLEMENTATIONS = YES;
				CLANG_WARN_DIRECT_OBJC_ISA_USAGE = YES_ERROR;
				CLANG_WARN_DOCUMENTATION_COMMENTS = YES;
				CLANG_WARN_EMPTY_BODY = YES;
				CLANG_WARN_ENUM_CONVERSION = YES;
				CLANG_WARN_INFINITE_RECURSION = YES;
				CLANG_WARN_INT_CONVERSION = YES;
				CLANG_WARN_NON_LITERAL_NULL_CONVERSION = YES;
				CLANG_WARN_OBJC_IMPLICIT_RETAIN_SELF = YES;
				CLANG_WARN_OBJC_LITERAL_CONVERSION = YES;
				CLANG_WARN_OBJC_ROOT_CLASS = YES_ERROR;
				CLANG_WARN_RANGE_LOOP_ANALYSIS = YES;
				CLANG_WARN_STRICT_PROTOTYPES = YES;
				CLANG_WARN_SUSPICIOUS_MOVE = YES;
				CLANG_WARN_UNGUARDED_AVAILABILITY = YES_AGGRESSIVE;
				CLANG_WARN_UNREACHABLE_CODE = YES;
				CLANG_WARN__DUPLICATE_METHOD_MATCH = YES;
				CODE_SIGN_IDENTITY = "iPhone Developer";
				COPY_PHASE_STRIP = NO;
				DEBUG_INFORMATION_FORMAT = "dwarf-with-dsym";
				ENABLE_NS_ASSERTIONS = NO;
				ENABLE_STRICT_OBJC_MSGSEND = YES;
				GCC_C_LANGUAGE_STANDARD = gnu11;
				GCC_NO_COMMON_BLOCKS = YES;
				GCC_WARN_64_TO_32_BIT_CONVERSION = YES;
				GCC_WARN_ABOUT_RETURN_TYPE = YES_ERROR;
				GCC_WARN_UNDECLARED_SELECTOR = YES;
				GCC_WARN_UNINITIALIZED_AUTOS = YES_AGGRESSIVE;
				GCC_WARN_UNUSED_FUNCTION = YES;
				GCC_WARN_UNUSED_VARIABLE = YES;
				IPHONEOS_DEPLOYMENT_TARGET = 11.4;
				MTL_ENABLE_DEBUG_INFO = NO;
				SDKROOT = iphoneos;
				SWIFT_COMPILATION_MODE = wholemodule;
				SWIFT_OPTIMIZATION_LEVEL = "-O";
				VALIDATE_PRODUCT = YES;
			};
			name = Release;
		};
		BCA6ED5621465D4C00CDFC18 /* Debug */ = {
			isa = XCBuildConfiguration;
			baseConfigurationReference = 0E4FC49E5633DAABD487A8FD /* Pods-AR Solar System.debug.xcconfig */;
			buildSettings = {
				ASSETCATALOG_COMPILER_APPICON_NAME = AppIcon;
				CODE_SIGN_STYLE = Automatic;
				DEVELOPMENT_TEAM = STU5C3G2NJ;
				INFOPLIST_FILE = "AR Solar System/Info.plist";
				IPHONEOS_DEPLOYMENT_TARGET = 11.0;
				LD_RUNPATH_SEARCH_PATHS = (
					"$(inherited)",
					"@executable_path/Frameworks",
				);
				PRODUCT_BUNDLE_IDENTIFIER = com.bananaland.solarsystem;
				PRODUCT_NAME = "$(TARGET_NAME)";
				SWIFT_VERSION = 4.2;
				TARGETED_DEVICE_FAMILY = "1,2";
			};
			name = Debug;
		};
		BCA6ED5721465D4C00CDFC18 /* Release */ = {
			isa = XCBuildConfiguration;
			baseConfigurationReference = F7813CA5D822A53BF3912A76 /* Pods-AR Solar System.release.xcconfig */;
			buildSettings = {
				ASSETCATALOG_COMPILER_APPICON_NAME = AppIcon;
				CODE_SIGN_STYLE = Automatic;
				DEVELOPMENT_TEAM = STU5C3G2NJ;
				INFOPLIST_FILE = "AR Solar System/Info.plist";
				IPHONEOS_DEPLOYMENT_TARGET = 11.0;
				LD_RUNPATH_SEARCH_PATHS = (
					"$(inherited)",
					"@executable_path/Frameworks",
				);
				PRODUCT_BUNDLE_IDENTIFIER = com.bananaland.solarsystem;
				PRODUCT_NAME = "$(TARGET_NAME)";
				SWIFT_VERSION = 4.2;
				TARGETED_DEVICE_FAMILY = "1,2";
			};
			name = Release;
		};
/* End XCBuildConfiguration section */

/* Begin XCConfigurationList section */
		BCA6ED3C21465D4B00CDFC18 /* Build configuration list for PBXProject "AR Solar System" */ = {
			isa = XCConfigurationList;
			buildConfigurations = (
				BCA6ED5321465D4C00CDFC18 /* Debug */,
				BCA6ED5421465D4C00CDFC18 /* Release */,
			);
			defaultConfigurationIsVisible = 0;
			defaultConfigurationName = Release;
		};
		BCA6ED5521465D4C00CDFC18 /* Build configuration list for PBXNativeTarget "AR Solar System" */ = {
			isa = XCConfigurationList;
			buildConfigurations = (
				BCA6ED5621465D4C00CDFC18 /* Debug */,
				BCA6ED5721465D4C00CDFC18 /* Release */,
			);
			defaultConfigurationIsVisible = 0;
			defaultConfigurationName = Release;
		};
/* End XCConfigurationList section */
	};
	rootObject = BCA6ED3921465D4B00CDFC18 /* Project object */;
}
