// !$*UTF8*$!
{
	archiveVersion = 1;
	classes = {
	};
	objectVersion = 50;
	objects = {

/* Begin PBXBuildFile section */
		BCA6ED4521465D4B00CDFC18 /* AppDelegate.swift in Sources */ = {isa = PBXBuildFile; fileRef = BCA6ED4421465D4B00CDFC18 /* AppDelegate.swift */; };
		BCA6ED4721465D4B00CDFC18 /* art.scnassets in Resources */ = {isa = PBXBuildFile; fileRef = BCA6ED4621465D4B00CDFC18 /* art.scnassets */; };
		BCA6ED4921465D4B00CDFC18 /* ViewController.swift in Sources */ = {isa = PBXBuildFile; fileRef = BCA6ED4821465D4B00CDFC18 /* ViewController.swift */; };
		BCA6ED4C21465D4B00CDFC18 /* Main.storyboard in Resources */ = {isa = PBXBuildFile; fileRef = BCA6ED4A21465D4B00CDFC18 /* Main.storyboard */; };
		BCA6ED4E21465D4C00CDFC18 /* Assets.xcassets in Resources */ = {isa = PBXBuildFile; fileRef = BCA6ED4D21465D4C00CDFC18 /* Assets.xcassets */; };
		BCA6ED5121465D4C00CDFC18 /* LaunchScreen.storyboard in Resources */ = {isa = PBXBuildFile; fileRef = BCA6ED4F21465D4C00CDFC18 /* LaunchScreen.storyboard */; };
/* End PBXBuildFile section */

/* Begin PBXFileReference section */
		BCA6ED4121465D4B00CDFC18 /* AR Solar System.app */ = {isa = PBXFileReference; explicitFileType = wrapper.application; includeInIndex = 0; path = "AR Solar System.app"; sourceTree = BUILT_PRODUCTS_DIR; };
		BCA6ED4421465D4B00CDFC18 /* AppDelegate.swift */ = {isa = PBXFileReference; lastKnownFileType = sourcecode.swift; path = AppDelegate.swift; sourceTree = "<group>"; };
		BCA6ED4621465D4B00CDFC18 /* art.scnassets */ = {isa = PBXFileReference; lastKnownFileType = wrapper.scnassets; path = art.scnassets; sourceTree = "<group>"; };
		BCA6ED4821465D4B00CDFC18 /* ViewController.swift */ = {isa = PBXFileReference; lastKnownFileType = sourcecode.swift; path = ViewController.swift; sourceTree = "<group>"; };
		BCA6ED4B21465D4B00CDFC18 /* Base */ = {isa = PBXFileReference; lastKnownFileType = file.storyboard; name = Base; path = Base.lproj/Main.storyboard; sourceTree = "<group>"; };
		BCA6ED4D21465D4C00CDFC18 /* Assets.xcassets */ = {isa = PBXFileReference; lastKnownFileType = folder.assetcatalog; path = Assets.xcassets; sourceTree = "<group>"; };
		BCA6ED5021465D4C00CDFC18 /* Base */ = {isa = PBXFileReference; lastKnownFileType = file.storyboard; name = Base; path = Base.lproj/LaunchScreen.storyboard; sourceTree = "<group>"; };
		BCA6ED5221465D4C00CDFC18 /* Info.plist */ = {isa = PBXFileReference; lastKnownFileType = text.plist.xml; path = Info.plist; sourceTree = "<group>"; };
/* End PBXFileReference section */

/* Begin PBXFrameworksBuildPhase section */
		BCA6ED3E21465D4B00CDFC18 /* Frameworks */ = {
			isa = PBXFrameworksBuildPhase;
			buildActionMask = 2147483647;
			files = (
			);
			runOnlyForDeploymentPostprocessing = 0;
		};
/* End PBXFrameworksBuildPhase section */

/* Begin PBXGroup section */
		BCA6ED3821465D4B00CDFC18 = {
			isa = PBXGroup;
			children = (
				BCA6ED4321465D4B00CDFC18 /* AR Solar System */,
				BCA6ED4221465D4B00CDFC18 /* Products */,
			);
			sourceTree = "<group>";
		};
		BCA6ED4221465D4B00CDFC18 /* Products */ = {
			isa = PBXGroup;
			children = (
				BCA6ED4121465D4B00CDFC18 /* AR Solar System.app */,
			);
			name = Products;
			sourceTree = "<group>";
		};
		BCA6ED4321465D4B00CDFC18 /* AR Solar System */ = {
			isa = PBXGroup;
			children = (
				BCA6ED4421465D4B00CDFC18 /* AppDelegate.swift */,
				BCA6ED4821465D4B00CDFC18 /* ViewController.swift */,
				BCA6ED4A21465D4B00CDFC18 /* Main.storyboard */,
				BCA6ED4621465D4B00CDFC18 /* art.scnassets */,
				BCA6ED4D21465D4C00CDFC18 /* Assets.xcassets */,
				BCA6ED4F21465D4C00CDFC18 /* LaunchScreen.storyboard */,
				BCA6ED5221465D4C00CDFC18 /* Info.plist */,
			);
			path = "AR Solar System";
			sourceTree = "<group>";
		};
/* End PBXGroup section */

/* Begin PBXNativeTarget section */
		BCA6ED4021465D4B00CDFC18 /* AR Solar System */ = {
			isa = PBXNativeTarget;
			buildConfigurationList = BCA6ED5521465D4C00CDFC18 /* Build configuration list for PBXNativeTarget "AR Solar System" */;
			buildPhases = (
				BCA6ED3D21465D4B00CDFC18 /* Sources */,
				BCA6ED3E21465D4B00CDFC18 /* Frameworks */,
				BCA6ED3F21465D4B00CDFC18 /* Resources */,
			);
			buildRules = (
			);
			dependencies = (
			);
			name = "AR Solar System";
			productName = "AR Solar System";
			productReference = BCA6ED4121465D4B00CDFC18 /* AR Solar System.app */;
			productType = "com.apple.product-type.application";
		};
/* End PBXNativeTarget section */

/* Begin PBXProject section */
		BCA6ED3921465D4B00CDFC18 /* Project object */ = {
			isa = PBXProject;
			attributes = {
				LastSwiftUpdateCheck = 0940;
				LastUpgradeCheck = 0940;
				ORGANIZATIONNAME = Bananaland;
				TargetAttributes = {
					BCA6ED4021465D4B00CDFC18 = {
						CreatedOnToolsVersion = 9.4.1;
					};
				};
			};
			buildConfigurationList = BCA6ED3C21465D4B00CDFC18 /* Build configuration list for PBXProject "AR Solar System" */;
			compatibilityVersion = "Xcode 9.3";
			developmentRegion = en;
			hasScannedForEncodings = 0;
			knownRegions = (
				en,
				Base,
			);
			mainGroup = BCA6ED3821465D4B00CDFC18;
			productRefGroup = BCA6ED4221465D4B00CDFC18 /* Products */;
			projectDirPath = "";
			projectRoot = "";
			targets = (
				BCA6ED4021465D4B00CDFC18 /* AR Solar System */,
			);
		};
/* End PBXProject section */

/* Begin PBXResourcesBuildPhase section */
		BCA6ED3F21465D4B00CDFC18 /* Resources */ = {
			isa = PBXResourcesBuildPhase;
			buildActionMask = 2147483647;
			files = (
				BCA6ED4721465D4B00CDFC18 /* art.scnassets in Resources */,
				BCA6ED5121465D4C00CDFC18 /* LaunchScreen.storyboard in Resources */,
				BCA6ED4E21465D4C00CDFC18 /* Assets.xcassets in Resources */,
				BCA6ED4C21465D4B00CDFC18 /* Main.storyboard in Resources */,
			);
			runOnlyForDeploymentPostprocessing = 0;
		};
/* End PBXResourcesBuildPhase section */

/* Begin PBXSourcesBuildPhase section */
		BCA6ED3D21465D4B00CDFC18 /* Sources */ = {
			isa = PBXSourcesBuildPhase;
			buildActionMask = 2147483647;
			files = (
				BCA6ED4921465D4B00CDFC18 /* ViewController.swift in Sources */,
				BCA6ED4521465D4B00CDFC18 /* AppDelegate.swift in Sources */,
			);
			runOnlyForDeploymentPostprocessing = 0;
		};
/* End PBXSourcesBuildPhase section */

/* Begin PBXVariantGroup section */
		BCA6ED4A21465D4B00CDFC18 /* Main.storyboard */ = {
			isa = PBXVariantGroup;
			children = (
				BCA6ED4B21465D4B00CDFC18 /* Base */,
			);
			name = Main.storyboard;
			sourceTree = "<group>";
		};
		BCA6ED4F21465D4C00CDFC18 /* LaunchScreen.storyboard */ = {
			isa = PBXVariantGroup;
			children = (
				BCA6ED5021465D4C00CDFC18 /* Base */,
			);
			name = LaunchScreen.storyboard;
			sourceTree = "<group>";
		};
/* End PBXVariantGroup section */

/* Begin XCBuildConfiguration section */
		BCA6ED5321465D4C00CDFC18 /* Debug */ = {
			isa = XCBuildConfiguration;
			buildSettings = {
				ALWAYS_SEARCH_USER_PATHS = NO;
				CLANG_ANALYZER_NONNULL = YES;
				CLANG_ANALYZER_NUMBER_OBJECT_CONVERSION = YES_AGGRESSIVE;
				CLANG_CXX_LANGUAGE_STANDARD = "gnu++14";
				CLANG_CXX_LIBRARY = "libc++";
				CLANG_ENABLE_MODULES = YES;
				CLANG_ENABLE_OBJC_ARC = YES;
				CLANG_ENABLE_OBJC_WEAK = YES;
				CLANG_WARN_BLOCK_CAPTURE_AUTORELEASING = YES;
				CLANG_WARN_BOOL_CONVERSION = YES;
				CLANG_WARN_COMMA = YES;
				CLANG_WARN_CONSTANT_CONVERSION = YES;
				CLANG_WARN_DEPRECATED_OBJC_IMPLEMENTATIONS = YES;
				CLANG_WARN_DIRECT_OBJC_ISA_USAGE = YES_ERROR;
				CLANG_WARN_DOCUMENTATION_COMMENTS = YES;
				CLANG_WARN_EMPTY_BODY = YES;
				CLANG_WARN_ENUM_CONVERSION = YES;
				CLANG_WARN_INFINITE_RECURSION = YES;
				CLANG_WARN_INT_CONVERSION = YES;
				CLANG_WARN_NON_LITERAL_NULL_CONVERSION = YES;
				CLANG_WARN_OBJC_IMPLICIT_RETAIN_SELF = YES;
				CLANG_WARN_OBJC_LITERAL_CONVERSION = YES;
				CLANG_WARN_OBJC_ROOT_CLASS = YES_ERROR;
				CLANG_WARN_RANGE_LOOP_ANALYSIS = YES;
				CLANG_WARN_STRICT_PROTOTYPES = YES;
				CLANG_WARN_SUSPICIOUS_MOVE = YES;
				CLANG_WARN_UNGUARDED_AVAILABILITY = YES_AGGRESSIVE;
				CLANG_WARN_UNREACHABLE_CODE = YES;
				CLANG_WARN__DUPLICATE_METHOD_MATCH = YES;
				CODE_SIGN_IDENTITY = "iPhone Developer";
				COPY_PHASE_STRIP = NO;
				DEBUG_INFORMATION_FORMAT = dwarf;
				ENABLE_STRICT_OBJC_MSGSEND = YES;
				ENABLE_TESTABILITY = YES;
				GCC_C_LANGUAGE_STANDARD = gnu11;
				GCC_DYNAMIC_NO_PIC = NO;
				GCC_NO_COMMON_BLOCKS = YES;
				GCC_OPTIMIZATION_LEVEL = 0;
				GCC_PREPROCESSOR_DEFINITIONS = (
					"DEBUG=1",
					"$(inherited)",
				);
				GCC_WARN_64_TO_32_BIT_CONVERSION = YES;
				GCC_WARN_ABOUT_RETURN_TYPE = YES_ERROR;
				GCC_WARN_UNDECLARED_SELECTOR = YES;
				GCC_WARN_UNINITIALIZED_AUTOS = YES_AGGRESSIVE;
				GCC_WARN_UNUSED_FUNCTION = YES;
				GCC_WARN_UNUSED_VARIABLE = YES;
				IPHONEOS_DEPLOYMENT_TARGET = 11.4;
				MTL_ENABLE_DEBUG_INFO = YES;
				ONLY_ACTIVE_ARCH = YES;
				SDKROOT = iphoneos;
				SWIFT_ACTIVE_COMPILATION_CONDITIONS = DEBUG;
				SWIFT_OPTIMIZATION_LEVEL = "-Onone";
			};
			name = Debug;
		};
		BCA6ED5421465D4C00CDFC18 /* Release */ = {
			isa = XCBuildConfiguration;
			buildSettings = {
				ALWAYS_SEARCH_USER_PATHS = NO;
				CLANG_ANALYZER_NONNULL = YES;
				CLANG_ANALYZER_NUMBER_OBJECT_CONVERSION = YES_AGGRESSIVE;
				CLANG_CXX_LANGUAGE_STANDARD = "gnu++14";
				CLANG_CXX_LIBRARY = "libc++";
				CLANG_ENABLE_MODULES = YES;
				CLANG_ENABLE_OBJC_ARC = YES;
				CLANG_ENABLE_OBJC_WEAK = YES;
				CLANG_WARN_BLOCK_CAPTURE_AUTORELEASING = YES;
				CLANG_WARN_BOOL_CONVERSION = YES;
				CLANG_WARN_COMMA = YES;
				CLANG_WARN_CONSTANT_CONVERSION = YES;
				CLANG_WARN_DEPRECATED_OBJC_IMPLEMENTATIONS = YES;
				CLANG_WARN_DIRECT_OBJC_ISA_USAGE = YES_ERROR;
				CLANG_WARN_DOCUMENTATION_COMMENTS = YES;
				CLANG_WARN_EMPTY_BODY = YES;
				CLANG_WARN_ENUM_CONVERSION = YES;
				CLANG_WARN_INFINITE_RECURSION = YES;
				CLANG_WARN_INT_CONVERSION = YES;
				CLANG_WARN_NON_LITERAL_NULL_CONVERSION = YES;
				CLANG_WARN_OBJC_IMPLICIT_RETAIN_SELF = YES;
				CLANG_WARN_OBJC_LITERAL_CONVERSION = YES;
				CLANG_WARN_OBJC_ROOT_CLASS = YES_ERROR;
				CLANG_WARN_RANGE_LOOP_ANALYSIS = YES;
				CLANG_WARN_STRICT_PROTOTYPES = YES;
				CLANG_WARN_SUSPICIOUS_MOVE = YES;
				CLANG_WARN_UNGUARDED_AVAILABILITY = YES_AGGRESSIVE;
				CLANG_WARN_UNREACHABLE_CODE = YES;
				CLANG_WARN__DUPLICATE_METHOD_MATCH = YES;
				CODE_SIGN_IDENTITY = "iPhone Developer";
				COPY_PHASE_STRIP = NO;
				DEBUG_INFORMATION_FORMAT = "dwarf-with-dsym";
				ENABLE_NS_ASSERTIONS = NO;
				ENABLE_STRICT_OBJC_MSGSEND = YES;
				GCC_C_LANGUAGE_STANDARD = gnu11;
				GCC_NO_COMMON_BLOCKS = YES;
				GCC_WARN_64_TO_32_BIT_CONVERSION = YES;
				GCC_WARN_ABOUT_RETURN_TYPE = YES_ERROR;
				GCC_WARN_UNDECLARED_SELECTOR = YES;
				GCC_WARN_UNINITIALIZED_AUTOS = YES_AGGRESSIVE;
				GCC_WARN_UNUSED_FUNCTION = YES;
				GCC_WARN_UNUSED_VARIABLE = YES;
				IPHONEOS_DEPLOYMENT_TARGET = 11.4;
				MTL_ENABLE_DEBUG_INFO = NO;
				SDKROOT = iphoneos;
				SWIFT_COMPILATION_MODE = wholemodule;
				SWIFT_OPTIMIZATION_LEVEL = "-O";
				VALIDATE_PRODUCT = YES;
			};
			name = Release;
		};
		BCA6ED5621465D4C00CDFC18 /* Debug */ = {
			isa = XCBuildConfiguration;
			buildSettings = {
				ASSETCATALOG_COMPILER_APPICON_NAME = AppIcon;
				CODE_SIGN_STYLE = Automatic;
				DEVELOPMENT_TEAM = XY9H4LH9U8;
				INFOPLIST_FILE = "AR Solar System/Info.plist";
				IPHONEOS_DEPLOYMENT_TARGET = 11.0;
				LD_RUNPATH_SEARCH_PATHS = (
					"$(inherited)",
					"@executable_path/Frameworks",
				);
				PRODUCT_BUNDLE_IDENTIFIER = "com.bananaland.AR-Solar-System";
				PRODUCT_NAME = "$(TARGET_NAME)";
				SWIFT_VERSION = 4.0;
				TARGETED_DEVICE_FAMILY = "1,2";
			};
			name = Debug;
		};
		BCA6ED5721465D4C00CDFC18 /* Release */ = {
			isa = XCBuildConfiguration;
			buildSettings = {
				ASSETCATALOG_COMPILER_APPICON_NAME = AppIcon;
				CODE_SIGN_STYLE = Automatic;
				DEVELOPMENT_TEAM = XY9H4LH9U8;
				INFOPLIST_FILE = "AR Solar System/Info.plist";
				IPHONEOS_DEPLOYMENT_TARGET = 11.0;
				LD_RUNPATH_SEARCH_PATHS = (
					"$(inherited)",
					"@executable_path/Frameworks",
				);
				PRODUCT_BUNDLE_IDENTIFIER = "com.bananaland.AR-Solar-System";
				PRODUCT_NAME = "$(TARGET_NAME)";
				SWIFT_VERSION = 4.0;
				TARGETED_DEVICE_FAMILY = "1,2";
			};
			name = Release;
		};
/* End XCBuildConfiguration section */

/* Begin XCConfigurationList section */
		BCA6ED3C21465D4B00CDFC18 /* Build configuration list for PBXProject "AR Solar System" */ = {
			isa = XCConfigurationList;
			buildConfigurations = (
				BCA6ED5321465D4C00CDFC18 /* Debug */,
				BCA6ED5421465D4C00CDFC18 /* Release */,
			);
			defaultConfigurationIsVisible = 0;
			defaultConfigurationName = Release;
		};
		BCA6ED5521465D4C00CDFC18 /* Build configuration list for PBXNativeTarget "AR Solar System" */ = {
			isa = XCConfigurationList;
			buildConfigurations = (
				BCA6ED5621465D4C00CDFC18 /* Debug */,
				BCA6ED5721465D4C00CDFC18 /* Release */,
			);
			defaultConfigurationIsVisible = 0;
			defaultConfigurationName = Release;
		};
/* End XCConfigurationList section */
	};
	rootObject = BCA6ED3921465D4B00CDFC18 /* Project object */;
}
